<?xml version="1.0" encoding="UTF-8"?>
<!DOCTYPE plist PUBLIC "-//Apple//DTD PLIST 1.0//EN" "http://www.apple.com/DTDs/PropertyList-1.0.dtd">
<plist version="1.0">
<dict>
	<key>archiveVersion</key>
	<string>1</string>
	<key>classes</key>
	<dict/>
	<key>objectVersion</key>
	<string>46</string>
	<key>objects</key>
	<dict>
		<key>2813866E1A2AF3D300A38D17</key>
		<dict>
			<key>children</key>
			<array>
				<string>2813866F1A2AF42200A38D17</string>
			</array>
			<key>isa</key>
			<string>PBXGroup</string>
			<key>path</key>
			<string>Segmented Controllers</string>
			<key>sourceTree</key>
			<string>&lt;group&gt;</string>
		</dict>
		<key>2813866F1A2AF42200A38D17</key>
		<dict>
			<key>fileEncoding</key>
			<string>4</string>
			<key>isa</key>
			<string>PBXFileReference</string>
			<key>lastKnownFileType</key>
			<string>sourcecode.swift</string>
			<key>path</key>
			<string>SPSegmentControllerHolderController.swift</string>
			<key>sourceTree</key>
			<string>&lt;group&gt;</string>
		</dict>
		<key>281386701A2AF42200A38D17</key>
		<dict>
			<key>fileRef</key>
			<string>2813866F1A2AF42200A38D17</string>
			<key>isa</key>
			<string>PBXBuildFile</string>
		</dict>
		<key>281998881ADCCFA700944E7F</key>
		<dict>
			<key>fileEncoding</key>
			<string>4</string>
			<key>isa</key>
			<string>PBXFileReference</string>
			<key>lastKnownFileType</key>
			<string>sourcecode.swift</string>
			<key>path</key>
			<string>SPUIHelper.swift</string>
			<key>sourceTree</key>
			<string>&lt;group&gt;</string>
		</dict>
		<key>281998891ADCCFA700944E7F</key>
		<dict>
			<key>fileRef</key>
			<string>281998881ADCCFA700944E7F</string>
			<key>isa</key>
			<string>PBXBuildFile</string>
		</dict>
		<key>282135F61A1F009600DA23CB</key>
		<dict>
			<key>fileEncoding</key>
			<string>4</string>
			<key>isa</key>
			<string>PBXFileReference</string>
			<key>lastKnownFileType</key>
			<string>sourcecode.swift</string>
			<key>path</key>
			<string>ColumnBasedLayoutDatasource.swift</string>
			<key>sourceTree</key>
			<string>&lt;group&gt;</string>
		</dict>
		<key>282135F71A1F009600DA23CB</key>
		<dict>
			<key>fileRef</key>
			<string>282135F61A1F009600DA23CB</string>
			<key>isa</key>
			<string>PBXBuildFile</string>
		</dict>
		<key>282337231A1733D40003F3C4</key>
		<dict>
			<key>children</key>
			<array>
				<string>282337261A1733F90003F3C4</string>
				<string>282337241A1733EF0003F3C4</string>
			</array>
			<key>isa</key>
			<string>PBXGroup</string>
			<key>path</key>
			<string>Views</string>
			<key>sourceTree</key>
			<string>&lt;group&gt;</string>
		</dict>
		<key>282337241A1733EF0003F3C4</key>
		<dict>
			<key>fileEncoding</key>
			<string>4</string>
			<key>isa</key>
			<string>PBXFileReference</string>
			<key>lastKnownFileType</key>
			<string>sourcecode.swift</string>
			<key>path</key>
			<string>SampleCollectionViewCell.swift</string>
			<key>sourceTree</key>
			<string>&lt;group&gt;</string>
		</dict>
		<key>282337251A1733EF0003F3C4</key>
		<dict>
			<key>fileRef</key>
			<string>282337241A1733EF0003F3C4</string>
			<key>isa</key>
			<string>PBXBuildFile</string>
		</dict>
		<key>282337261A1733F90003F3C4</key>
		<dict>
			<key>fileEncoding</key>
			<string>4</string>
			<key>isa</key>
			<string>PBXFileReference</string>
			<key>lastKnownFileType</key>
			<string>file.xib</string>
			<key>path</key>
			<string>SampleCollectionViewCell.xib</string>
			<key>sourceTree</key>
			<string>&lt;group&gt;</string>
		</dict>
		<key>282337271A1733F90003F3C4</key>
		<dict>
			<key>fileRef</key>
			<string>282337261A1733F90003F3C4</string>
			<key>isa</key>
			<string>PBXBuildFile</string>
		</dict>
		<key>28332AFD1A38022200CFFA56</key>
		<dict>
			<key>fileEncoding</key>
			<string>4</string>
			<key>isa</key>
			<string>PBXFileReference</string>
			<key>lastKnownFileType</key>
			<string>sourcecode.swift</string>
			<key>path</key>
			<string>SPListingColumnBasedLayout.swift</string>
			<key>sourceTree</key>
			<string>&lt;group&gt;</string>
		</dict>
		<key>28332AFE1A38022200CFFA56</key>
		<dict>
			<key>fileEncoding</key>
			<string>4</string>
			<key>isa</key>
			<string>PBXFileReference</string>
			<key>lastKnownFileType</key>
			<string>sourcecode.swift</string>
			<key>path</key>
			<string>SPListingColumnBasedLayoutDelegate.swift</string>
			<key>sourceTree</key>
			<string>&lt;group&gt;</string>
		</dict>
		<key>28332AFF1A38022200CFFA56</key>
		<dict>
			<key>fileEncoding</key>
			<string>4</string>
			<key>isa</key>
			<string>PBXFileReference</string>
			<key>lastKnownFileType</key>
			<string>sourcecode.swift</string>
			<key>path</key>
			<string>SPListingColumnBasedLayoutInvalidationContext.swift</string>
			<key>sourceTree</key>
			<string>&lt;group&gt;</string>
		</dict>
		<key>28332B001A38022200CFFA56</key>
		<dict>
			<key>fileRef</key>
			<string>28332AFD1A38022200CFFA56</string>
			<key>isa</key>
			<string>PBXBuildFile</string>
		</dict>
		<key>28332B011A38022200CFFA56</key>
		<dict>
			<key>fileRef</key>
			<string>28332AFE1A38022200CFFA56</string>
			<key>isa</key>
			<string>PBXBuildFile</string>
		</dict>
		<key>28332B021A38022200CFFA56</key>
		<dict>
			<key>fileRef</key>
			<string>28332AFF1A38022200CFFA56</string>
			<key>isa</key>
			<string>PBXBuildFile</string>
		</dict>
		<key>28351B721A19B88E005C56D8</key>
		<dict>
			<key>children</key>
			<array>
				<string>28332AFD1A38022200CFFA56</string>
				<string>28332AFE1A38022200CFFA56</string>
				<string>28332AFF1A38022200CFFA56</string>
			</array>
			<key>isa</key>
			<string>PBXGroup</string>
			<key>path</key>
			<string>Layouts</string>
			<key>sourceTree</key>
			<string>&lt;group&gt;</string>
		</dict>
		<key>285C8C10196D85410058C8E2</key>
		<dict>
			<key>children</key>
			<array>
				<string>286D93F31A0DEF0600C63224</string>
				<string>285C8C1B196D85410058C8E2</string>
				<string>285C8C2E196D85410058C8E2</string>
				<string>285C8C1A196D85410058C8E2</string>
			</array>
			<key>isa</key>
			<string>PBXGroup</string>
			<key>sourceTree</key>
			<string>&lt;group&gt;</string>
		</dict>
		<key>285C8C11196D85410058C8E2</key>
		<dict>
			<key>attributes</key>
			<dict>
				<key>LastUpgradeCheck</key>
				<string>0600</string>
				<key>ORGANIZATIONNAME</key>
				<string>Happyfall</string>
				<key>TargetAttributes</key>
				<dict>
					<key>285C8C18196D85410058C8E2</key>
					<dict>
						<key>CreatedOnToolsVersion</key>
						<string>6.0</string>
					</dict>
					<key>285C8C2A196D85410058C8E2</key>
					<dict>
						<key>CreatedOnToolsVersion</key>
						<string>6.0</string>
						<key>TestTargetID</key>
						<string>285C8C18196D85410058C8E2</string>
					</dict>
				</dict>
			</dict>
			<key>buildConfigurationList</key>
			<string>285C8C14196D85410058C8E2</string>
			<key>compatibilityVersion</key>
			<string>Xcode 3.2</string>
			<key>developmentRegion</key>
			<string>English</string>
			<key>hasScannedForEncodings</key>
			<string>0</string>
			<key>isa</key>
			<string>PBXProject</string>
			<key>knownRegions</key>
			<array>
				<string>en</string>
				<string>Base</string>
			</array>
			<key>mainGroup</key>
			<string>285C8C10196D85410058C8E2</string>
			<key>productRefGroup</key>
			<string>285C8C1A196D85410058C8E2</string>
			<key>projectDirPath</key>
			<string></string>
			<key>projectReferences</key>
			<array/>
			<key>projectRoot</key>
			<string></string>
			<key>targets</key>
			<array>
				<string>285C8C18196D85410058C8E2</string>
				<string>285C8C2A196D85410058C8E2</string>
			</array>
		</dict>
		<key>285C8C14196D85410058C8E2</key>
		<dict>
			<key>buildConfigurations</key>
			<array>
				<string>285C8C33196D85410058C8E2</string>
				<string>285C8C34196D85410058C8E2</string>
			</array>
			<key>defaultConfigurationIsVisible</key>
			<string>0</string>
			<key>defaultConfigurationName</key>
			<string>Release</string>
			<key>isa</key>
			<string>XCConfigurationList</string>
		</dict>
		<key>285C8C15196D85410058C8E2</key>
		<dict>
			<key>buildActionMask</key>
			<string>2147483647</string>
			<key>files</key>
			<array>
				<string>285C8C21196D85410058C8E2</string>
				<string>28DCD6F51ADAC93A00E5C258</string>
				<string>287AC6B31972A5850096BCD3</string>
				<string>281998891ADCCFA700944E7F</string>
				<string>28650DB31A177F6C003DEEAF</string>
				<string>28332B011A38022200CFFA56</string>
				<string>286D940E1A0DEF0600C63224</string>
				<string>289FDB6C1ADC083E002839D4</string>
				<string>286D940B1A0DEF0600C63224</string>
				<string>28332B001A38022200CFFA56</string>
				<string>282337251A1733EF0003F3C4</string>
				<string>28332B021A38022200CFFA56</string>
				<string>286D94101A0DEF0600C63224</string>
				<string>286D940C1A0DEF0600C63224</string>
				<string>289209561ADA54A2001D8812</string>
				<string>282135F71A1F009600DA23CB</string>
				<string>289209531ADA5230001D8812</string>
				<string>286D940D1A0DEF0600C63224</string>
				<string>285C8C1F196D85410058C8E2</string>
				<string>285CA8411A172AED00E5093E</string>
				<string>281386701A2AF42200A38D17</string>
				<string>286D94071A0DEF0600C63224</string>
			</array>
			<key>isa</key>
			<string>PBXSourcesBuildPhase</string>
			<key>runOnlyForDeploymentPostprocessing</key>
			<string>0</string>
		</dict>
		<key>285C8C16196D85410058C8E2</key>
		<dict>
			<key>buildActionMask</key>
			<string>2147483647</string>
			<key>files</key>
			<array/>
			<key>isa</key>
			<string>PBXFrameworksBuildPhase</string>
			<key>runOnlyForDeploymentPostprocessing</key>
			<string>0</string>
		</dict>
		<key>285C8C17196D85410058C8E2</key>
		<dict>
			<key>buildActionMask</key>
			<string>2147483647</string>
			<key>files</key>
			<array>
				<string>285C8C24196D85410058C8E2</string>
				<string>287AC6B11972A4070096BCD3</string>
				<string>282337271A1733F90003F3C4</string>
				<string>286D940A1A0DEF0600C63224</string>
				<string>285C8C26196D85410058C8E2</string>
			</array>
			<key>isa</key>
			<string>PBXResourcesBuildPhase</string>
			<key>runOnlyForDeploymentPostprocessing</key>
			<string>0</string>
		</dict>
		<key>285C8C18196D85410058C8E2</key>
		<dict>
			<key>buildConfigurationList</key>
			<string>285C8C35196D85410058C8E2</string>
			<key>buildPhases</key>
			<array>
				<string>285C8C15196D85410058C8E2</string>
				<string>285C8C16196D85410058C8E2</string>
				<string>285C8C17196D85410058C8E2</string>
				<string>28C67A871ADD54070033B39A</string>
			</array>
			<key>buildRules</key>
			<array/>
			<key>dependencies</key>
			<array/>
			<key>isa</key>
			<string>PBXNativeTarget</string>
			<key>name</key>
			<string>SpeedKitDemo</string>
			<key>productName</key>
			<string>SpeedKitDemo</string>
			<key>productReference</key>
			<string>285C8C19196D85410058C8E2</string>
			<key>productType</key>
			<string>com.apple.product-type.application</string>
		</dict>
		<key>285C8C19196D85410058C8E2</key>
		<dict>
			<key>explicitFileType</key>
			<string>wrapper.application</string>
			<key>includeInIndex</key>
			<string>0</string>
			<key>isa</key>
			<string>PBXFileReference</string>
			<key>path</key>
			<string>SpeedKitDemo.app</string>
			<key>sourceTree</key>
			<string>BUILT_PRODUCTS_DIR</string>
		</dict>
		<key>285C8C1A196D85410058C8E2</key>
		<dict>
			<key>children</key>
			<array>
				<string>285C8C19196D85410058C8E2</string>
				<string>285C8C2B196D85410058C8E2</string>
			</array>
			<key>isa</key>
			<string>PBXGroup</string>
			<key>name</key>
			<string>Products</string>
			<key>sourceTree</key>
			<string>&lt;group&gt;</string>
		</dict>
		<key>285C8C1B196D85410058C8E2</key>
		<dict>
			<key>children</key>
			<array>
				<string>285C8C1E196D85410058C8E2</string>
				<string>285C8C20196D85410058C8E2</string>
				<string>285CA8401A172AED00E5093E</string>
				<string>282135F61A1F009600DA23CB</string>
				<string>285C8C22196D85410058C8E2</string>
				<string>282337231A1733D40003F3C4</string>
				<string>285C8C25196D85410058C8E2</string>
				<string>285C8C1C196D85410058C8E2</string>
			</array>
			<key>isa</key>
			<string>PBXGroup</string>
			<key>path</key>
			<string>SpeedKitDemo</string>
			<key>sourceTree</key>
			<string>&lt;group&gt;</string>
		</dict>
		<key>285C8C1C196D85410058C8E2</key>
		<dict>
			<key>children</key>
			<array>
				<string>285C8C1D196D85410058C8E2</string>
			</array>
			<key>isa</key>
			<string>PBXGroup</string>
			<key>path</key>
			<string>Supporting Files</string>
			<key>sourceTree</key>
			<string>&lt;group&gt;</string>
		</dict>
		<key>285C8C1D196D85410058C8E2</key>
		<dict>
			<key>isa</key>
			<string>PBXFileReference</string>
			<key>lastKnownFileType</key>
			<string>text.plist.xml</string>
			<key>path</key>
			<string>Info.plist</string>
			<key>sourceTree</key>
			<string>&lt;group&gt;</string>
		</dict>
		<key>285C8C1E196D85410058C8E2</key>
		<dict>
			<key>isa</key>
			<string>PBXFileReference</string>
			<key>lastKnownFileType</key>
			<string>sourcecode.swift</string>
			<key>path</key>
			<string>AppDelegate.swift</string>
			<key>sourceTree</key>
			<string>&lt;group&gt;</string>
		</dict>
		<key>285C8C1F196D85410058C8E2</key>
		<dict>
			<key>fileRef</key>
			<string>285C8C1E196D85410058C8E2</string>
			<key>isa</key>
			<string>PBXBuildFile</string>
		</dict>
		<key>285C8C20196D85410058C8E2</key>
		<dict>
			<key>isa</key>
			<string>PBXFileReference</string>
			<key>lastKnownFileType</key>
			<string>sourcecode.swift</string>
			<key>path</key>
			<string>SDHomeViewController.swift</string>
			<key>sourceTree</key>
			<string>&lt;group&gt;</string>
		</dict>
		<key>285C8C21196D85410058C8E2</key>
		<dict>
			<key>fileRef</key>
			<string>285C8C20196D85410058C8E2</string>
			<key>isa</key>
			<string>PBXBuildFile</string>
		</dict>
		<key>285C8C22196D85410058C8E2</key>
		<dict>
			<key>children</key>
			<array>
				<string>285C8C23196D85410058C8E2</string>
			</array>
			<key>isa</key>
			<string>PBXVariantGroup</string>
			<key>name</key>
			<string>Main.storyboard</string>
			<key>sourceTree</key>
			<string>&lt;group&gt;</string>
		</dict>
		<key>285C8C23196D85410058C8E2</key>
		<dict>
			<key>isa</key>
			<string>PBXFileReference</string>
			<key>lastKnownFileType</key>
			<string>file.storyboard</string>
			<key>name</key>
			<string>Base</string>
			<key>path</key>
			<string>Base.lproj/Main.storyboard</string>
			<key>sourceTree</key>
			<string>&lt;group&gt;</string>
		</dict>
		<key>285C8C24196D85410058C8E2</key>
		<dict>
			<key>fileRef</key>
			<string>285C8C22196D85410058C8E2</string>
			<key>isa</key>
			<string>PBXBuildFile</string>
		</dict>
		<key>285C8C25196D85410058C8E2</key>
		<dict>
			<key>isa</key>
			<string>PBXFileReference</string>
			<key>lastKnownFileType</key>
			<string>folder.assetcatalog</string>
			<key>path</key>
			<string>Images.xcassets</string>
			<key>sourceTree</key>
			<string>&lt;group&gt;</string>
		</dict>
		<key>285C8C26196D85410058C8E2</key>
		<dict>
			<key>fileRef</key>
			<string>285C8C25196D85410058C8E2</string>
			<key>isa</key>
			<string>PBXBuildFile</string>
		</dict>
		<key>285C8C27196D85410058C8E2</key>
		<dict>
			<key>buildActionMask</key>
			<string>2147483647</string>
			<key>files</key>
			<array>
				<string>285C8C32196D85410058C8E2</string>
			</array>
			<key>isa</key>
			<string>PBXSourcesBuildPhase</string>
			<key>runOnlyForDeploymentPostprocessing</key>
			<string>0</string>
		</dict>
		<key>285C8C28196D85410058C8E2</key>
		<dict>
			<key>buildActionMask</key>
			<string>2147483647</string>
			<key>files</key>
			<array/>
			<key>isa</key>
			<string>PBXFrameworksBuildPhase</string>
			<key>runOnlyForDeploymentPostprocessing</key>
			<string>0</string>
		</dict>
		<key>285C8C29196D85410058C8E2</key>
		<dict>
			<key>buildActionMask</key>
			<string>2147483647</string>
			<key>files</key>
			<array/>
			<key>isa</key>
			<string>PBXResourcesBuildPhase</string>
			<key>runOnlyForDeploymentPostprocessing</key>
			<string>0</string>
		</dict>
		<key>285C8C2A196D85410058C8E2</key>
		<dict>
			<key>buildConfigurationList</key>
			<string>285C8C38196D85410058C8E2</string>
			<key>buildPhases</key>
			<array>
				<string>285C8C27196D85410058C8E2</string>
				<string>285C8C28196D85410058C8E2</string>
				<string>285C8C29196D85410058C8E2</string>
			</array>
			<key>buildRules</key>
			<array/>
			<key>dependencies</key>
			<array>
				<string>285C8C2D196D85410058C8E2</string>
			</array>
			<key>isa</key>
			<string>PBXNativeTarget</string>
			<key>name</key>
			<string>SpeedKitDemoTests</string>
			<key>productName</key>
			<string>SpeedKitDemoTests</string>
			<key>productReference</key>
			<string>285C8C2B196D85410058C8E2</string>
			<key>productType</key>
			<string>com.apple.product-type.bundle.unit-test</string>
		</dict>
		<key>285C8C2B196D85410058C8E2</key>
		<dict>
			<key>explicitFileType</key>
			<string>wrapper.cfbundle</string>
			<key>includeInIndex</key>
			<string>0</string>
			<key>isa</key>
			<string>PBXFileReference</string>
			<key>path</key>
			<string>SpeedKitDemoTests.xctest</string>
			<key>sourceTree</key>
			<string>BUILT_PRODUCTS_DIR</string>
		</dict>
		<key>285C8C2C196D85410058C8E2</key>
		<dict>
			<key>containerPortal</key>
			<string>285C8C11196D85410058C8E2</string>
			<key>isa</key>
			<string>PBXContainerItemProxy</string>
			<key>proxyType</key>
			<string>1</string>
			<key>remoteGlobalIDString</key>
			<string>285C8C18196D85410058C8E2</string>
			<key>remoteInfo</key>
			<string>SpeedKitDemo</string>
		</dict>
		<key>285C8C2D196D85410058C8E2</key>
		<dict>
			<key>isa</key>
			<string>PBXTargetDependency</string>
			<key>target</key>
			<string>285C8C18196D85410058C8E2</string>
			<key>targetProxy</key>
			<string>285C8C2C196D85410058C8E2</string>
		</dict>
		<key>285C8C2E196D85410058C8E2</key>
		<dict>
			<key>children</key>
			<array>
				<string>285C8C31196D85410058C8E2</string>
				<string>285C8C2F196D85410058C8E2</string>
			</array>
			<key>isa</key>
			<string>PBXGroup</string>
			<key>path</key>
			<string>SpeedKitDemoTests</string>
			<key>sourceTree</key>
			<string>&lt;group&gt;</string>
		</dict>
		<key>285C8C2F196D85410058C8E2</key>
		<dict>
			<key>children</key>
			<array>
				<string>285C8C30196D85410058C8E2</string>
			</array>
			<key>isa</key>
			<string>PBXGroup</string>
			<key>path</key>
			<string>Supporting Files</string>
			<key>sourceTree</key>
			<string>&lt;group&gt;</string>
		</dict>
		<key>285C8C30196D85410058C8E2</key>
		<dict>
			<key>isa</key>
			<string>PBXFileReference</string>
			<key>lastKnownFileType</key>
			<string>text.plist.xml</string>
			<key>path</key>
			<string>Info.plist</string>
			<key>sourceTree</key>
			<string>&lt;group&gt;</string>
		</dict>
		<key>285C8C31196D85410058C8E2</key>
		<dict>
			<key>isa</key>
			<string>PBXFileReference</string>
			<key>lastKnownFileType</key>
			<string>sourcecode.swift</string>
			<key>path</key>
			<string>SpeedKitDemoTests.swift</string>
			<key>sourceTree</key>
			<string>&lt;group&gt;</string>
		</dict>
		<key>285C8C32196D85410058C8E2</key>
		<dict>
			<key>fileRef</key>
			<string>285C8C31196D85410058C8E2</string>
			<key>isa</key>
			<string>PBXBuildFile</string>
		</dict>
		<key>285C8C33196D85410058C8E2</key>
		<dict>
			<key>buildSettings</key>
			<dict>
				<key>ALWAYS_SEARCH_USER_PATHS</key>
				<string>NO</string>
				<key>CLANG_CXX_LANGUAGE_STANDARD</key>
				<string>gnu++0x</string>
				<key>CLANG_CXX_LIBRARY</key>
				<string>libc++</string>
				<key>CLANG_ENABLE_MODULES</key>
				<string>YES</string>
				<key>CLANG_ENABLE_OBJC_ARC</key>
				<string>YES</string>
				<key>CLANG_WARN_BOOL_CONVERSION</key>
				<string>YES</string>
				<key>CLANG_WARN_CONSTANT_CONVERSION</key>
				<string>YES</string>
				<key>CLANG_WARN_DIRECT_OBJC_ISA_USAGE</key>
				<string>YES_ERROR</string>
				<key>CLANG_WARN_EMPTY_BODY</key>
				<string>YES</string>
				<key>CLANG_WARN_ENUM_CONVERSION</key>
				<string>YES</string>
				<key>CLANG_WARN_INT_CONVERSION</key>
				<string>YES</string>
				<key>CLANG_WARN_OBJC_ROOT_CLASS</key>
				<string>YES_ERROR</string>
				<key>CLANG_WARN_UNREACHABLE_CODE</key>
				<string>YES</string>
				<key>CLANG_WARN__DUPLICATE_METHOD_MATCH</key>
				<string>YES</string>
				<key>CODE_SIGN_IDENTITY[sdk=iphoneos*]</key>
				<string>iPhone Developer</string>
				<key>COPY_PHASE_STRIP</key>
				<string>NO</string>
				<key>ENABLE_STRICT_OBJC_MSGSEND</key>
				<string>YES</string>
				<key>GCC_C_LANGUAGE_STANDARD</key>
				<string>gnu99</string>
				<key>GCC_DYNAMIC_NO_PIC</key>
				<string>NO</string>
				<key>GCC_OPTIMIZATION_LEVEL</key>
				<string>0</string>
				<key>GCC_PREPROCESSOR_DEFINITIONS</key>
				<array>
					<string>DEBUG=1</string>
					<string>$(inherited)</string>
				</array>
				<key>GCC_SYMBOLS_PRIVATE_EXTERN</key>
				<string>NO</string>
				<key>GCC_WARN_64_TO_32_BIT_CONVERSION</key>
				<string>YES</string>
				<key>GCC_WARN_ABOUT_RETURN_TYPE</key>
				<string>YES_ERROR</string>
				<key>GCC_WARN_UNDECLARED_SELECTOR</key>
				<string>YES</string>
				<key>GCC_WARN_UNINITIALIZED_AUTOS</key>
				<string>YES_AGGRESSIVE</string>
				<key>GCC_WARN_UNUSED_FUNCTION</key>
				<string>YES</string>
				<key>GCC_WARN_UNUSED_VARIABLE</key>
				<string>YES</string>
				<key>IPHONEOS_DEPLOYMENT_TARGET</key>
				<string>8.0</string>
				<key>METAL_ENABLE_DEBUG_INFO</key>
				<string>YES</string>
				<key>ONLY_ACTIVE_ARCH</key>
				<string>YES</string>
				<key>SDKROOT</key>
				<string>iphoneos</string>
				<key>SWIFT_OPTIMIZATION_LEVEL</key>
				<string>-Onone</string>
				<key>TARGETED_DEVICE_FAMILY</key>
				<string>1,2</string>
			</dict>
			<key>isa</key>
			<string>XCBuildConfiguration</string>
			<key>name</key>
			<string>Debug</string>
		</dict>
		<key>285C8C34196D85410058C8E2</key>
		<dict>
			<key>buildSettings</key>
			<dict>
				<key>ALWAYS_SEARCH_USER_PATHS</key>
				<string>NO</string>
				<key>CLANG_CXX_LANGUAGE_STANDARD</key>
				<string>gnu++0x</string>
				<key>CLANG_CXX_LIBRARY</key>
				<string>libc++</string>
				<key>CLANG_ENABLE_MODULES</key>
				<string>YES</string>
				<key>CLANG_ENABLE_OBJC_ARC</key>
				<string>YES</string>
				<key>CLANG_WARN_BOOL_CONVERSION</key>
				<string>YES</string>
				<key>CLANG_WARN_CONSTANT_CONVERSION</key>
				<string>YES</string>
				<key>CLANG_WARN_DIRECT_OBJC_ISA_USAGE</key>
				<string>YES_ERROR</string>
				<key>CLANG_WARN_EMPTY_BODY</key>
				<string>YES</string>
				<key>CLANG_WARN_ENUM_CONVERSION</key>
				<string>YES</string>
				<key>CLANG_WARN_INT_CONVERSION</key>
				<string>YES</string>
				<key>CLANG_WARN_OBJC_ROOT_CLASS</key>
				<string>YES_ERROR</string>
				<key>CLANG_WARN_UNREACHABLE_CODE</key>
				<string>YES</string>
				<key>CLANG_WARN__DUPLICATE_METHOD_MATCH</key>
				<string>YES</string>
				<key>CODE_SIGN_IDENTITY[sdk=iphoneos*]</key>
				<string>iPhone Developer</string>
				<key>COPY_PHASE_STRIP</key>
				<string>YES</string>
				<key>ENABLE_NS_ASSERTIONS</key>
				<string>NO</string>
				<key>ENABLE_STRICT_OBJC_MSGSEND</key>
				<string>YES</string>
				<key>GCC_C_LANGUAGE_STANDARD</key>
				<string>gnu99</string>
				<key>GCC_WARN_64_TO_32_BIT_CONVERSION</key>
				<string>YES</string>
				<key>GCC_WARN_ABOUT_RETURN_TYPE</key>
				<string>YES_ERROR</string>
				<key>GCC_WARN_UNDECLARED_SELECTOR</key>
				<string>YES</string>
				<key>GCC_WARN_UNINITIALIZED_AUTOS</key>
				<string>YES_AGGRESSIVE</string>
				<key>GCC_WARN_UNUSED_FUNCTION</key>
				<string>YES</string>
				<key>GCC_WARN_UNUSED_VARIABLE</key>
				<string>YES</string>
				<key>IPHONEOS_DEPLOYMENT_TARGET</key>
				<string>8.0</string>
				<key>METAL_ENABLE_DEBUG_INFO</key>
				<string>NO</string>
				<key>SDKROOT</key>
				<string>iphoneos</string>
				<key>TARGETED_DEVICE_FAMILY</key>
				<string>1,2</string>
				<key>VALIDATE_PRODUCT</key>
				<string>YES</string>
			</dict>
			<key>isa</key>
			<string>XCBuildConfiguration</string>
			<key>name</key>
			<string>Release</string>
		</dict>
		<key>285C8C35196D85410058C8E2</key>
		<dict>
			<key>buildConfigurations</key>
			<array>
				<string>285C8C36196D85410058C8E2</string>
				<string>285C8C37196D85410058C8E2</string>
			</array>
			<key>defaultConfigurationIsVisible</key>
			<string>0</string>
			<key>defaultConfigurationName</key>
			<string>Release</string>
			<key>isa</key>
			<string>XCConfigurationList</string>
		</dict>
		<key>285C8C36196D85410058C8E2</key>
		<dict>
			<key>buildSettings</key>
			<dict>
				<key>ASSETCATALOG_COMPILER_APPICON_NAME</key>
				<string>AppIcon</string>
				<key>ASSETCATALOG_COMPILER_LAUNCHIMAGE_NAME</key>
				<string>LaunchImage</string>
				<key>CODE_SIGN_IDENTITY</key>
				<string>iPhone Developer</string>
				<key>INFOPLIST_FILE</key>
				<string>SpeedKitDemo/Supporting Files/Info.plist</string>
				<key>LD_RUNPATH_SEARCH_PATHS</key>
				<string>$(inherited) @executable_path/Frameworks</string>
				<key>PRODUCT_NAME</key>
				<string>$(TARGET_NAME)</string>
				<key>PROVISIONING_PROFILE</key>
				<string>9D75A291-BEBA-4C93-AB01-24F4193BD058</string>
			</dict>
			<key>isa</key>
			<string>XCBuildConfiguration</string>
			<key>name</key>
			<string>Debug</string>
		</dict>
		<key>285C8C37196D85410058C8E2</key>
		<dict>
			<key>buildSettings</key>
			<dict>
				<key>ASSETCATALOG_COMPILER_APPICON_NAME</key>
				<string>AppIcon</string>
				<key>ASSETCATALOG_COMPILER_LAUNCHIMAGE_NAME</key>
				<string>LaunchImage</string>
				<key>CODE_SIGN_IDENTITY</key>
				<string>iPhone Developer</string>
				<key>INFOPLIST_FILE</key>
				<string>SpeedKitDemo/Supporting Files/Info.plist</string>
				<key>LD_RUNPATH_SEARCH_PATHS</key>
				<string>$(inherited) @executable_path/Frameworks</string>
				<key>PRODUCT_NAME</key>
				<string>$(TARGET_NAME)</string>
				<key>PROVISIONING_PROFILE</key>
				<string>9D75A291-BEBA-4C93-AB01-24F4193BD058</string>
			</dict>
			<key>isa</key>
			<string>XCBuildConfiguration</string>
			<key>name</key>
			<string>Release</string>
		</dict>
		<key>285C8C38196D85410058C8E2</key>
		<dict>
			<key>buildConfigurations</key>
			<array>
				<string>285C8C39196D85410058C8E2</string>
				<string>285C8C3A196D85410058C8E2</string>
			</array>
			<key>defaultConfigurationIsVisible</key>
			<string>0</string>
			<key>defaultConfigurationName</key>
			<string>Release</string>
			<key>isa</key>
			<string>XCConfigurationList</string>
		</dict>
		<key>285C8C39196D85410058C8E2</key>
		<dict>
			<key>buildSettings</key>
			<dict>
				<key>BUNDLE_LOADER</key>
				<string>$(BUILT_PRODUCTS_DIR)/SpeedKitDemo.app/SpeedKitDemo</string>
				<key>FRAMEWORK_SEARCH_PATHS</key>
				<array>
					<string>$(SDKROOT)/Developer/Library/Frameworks</string>
					<string>$(inherited)</string>
				</array>
				<key>GCC_PREPROCESSOR_DEFINITIONS</key>
				<array>
					<string>DEBUG=1</string>
					<string>$(inherited)</string>
				</array>
				<key>INFOPLIST_FILE</key>
				<string>SpeedKitDemoTests/Supporting Files/Info.plist</string>
				<key>LD_RUNPATH_SEARCH_PATHS</key>
				<string>$(inherited) @executable_path/Frameworks @loader_path/Frameworks</string>
				<key>METAL_ENABLE_DEBUG_INFO</key>
				<string>YES</string>
				<key>PRODUCT_NAME</key>
				<string>$(TARGET_NAME)</string>
				<key>TEST_HOST</key>
				<string>$(BUNDLE_LOADER)</string>
			</dict>
			<key>isa</key>
			<string>XCBuildConfiguration</string>
			<key>name</key>
			<string>Debug</string>
		</dict>
		<key>285C8C3A196D85410058C8E2</key>
		<dict>
			<key>buildSettings</key>
			<dict>
				<key>BUNDLE_LOADER</key>
				<string>$(BUILT_PRODUCTS_DIR)/SpeedKitDemo.app/SpeedKitDemo</string>
				<key>FRAMEWORK_SEARCH_PATHS</key>
				<array>
					<string>$(SDKROOT)/Developer/Library/Frameworks</string>
					<string>$(inherited)</string>
				</array>
				<key>INFOPLIST_FILE</key>
				<string>SpeedKitDemoTests/Supporting Files/Info.plist</string>
				<key>LD_RUNPATH_SEARCH_PATHS</key>
				<string>$(inherited) @executable_path/Frameworks @loader_path/Frameworks</string>
				<key>METAL_ENABLE_DEBUG_INFO</key>
				<string>NO</string>
				<key>PRODUCT_NAME</key>
				<string>$(TARGET_NAME)</string>
				<key>TEST_HOST</key>
				<string>$(BUNDLE_LOADER)</string>
			</dict>
			<key>isa</key>
			<string>XCBuildConfiguration</string>
			<key>name</key>
			<string>Release</string>
		</dict>
		<key>285CA8401A172AED00E5093E</key>
		<dict>
			<key>fileEncoding</key>
			<string>4</string>
			<key>isa</key>
			<string>PBXFileReference</string>
			<key>lastKnownFileType</key>
			<string>sourcecode.swift</string>
			<key>path</key>
			<string>CollectionVC.swift</string>
			<key>sourceTree</key>
			<string>&lt;group&gt;</string>
		</dict>
		<key>285CA8411A172AED00E5093E</key>
		<dict>
			<key>fileRef</key>
			<string>285CA8401A172AED00E5093E</string>
			<key>isa</key>
			<string>PBXBuildFile</string>
		</dict>
		<key>28650DB21A177F6C003DEEAF</key>
		<dict>
			<key>fileEncoding</key>
			<string>4</string>
			<key>isa</key>
			<string>PBXFileReference</string>
			<key>lastKnownFileType</key>
			<string>sourcecode.swift</string>
			<key>path</key>
			<string>SPListingSectionData.swift</string>
			<key>sourceTree</key>
			<string>&lt;group&gt;</string>
		</dict>
		<key>28650DB31A177F6C003DEEAF</key>
		<dict>
			<key>fileRef</key>
			<string>28650DB21A177F6C003DEEAF</string>
			<key>isa</key>
			<string>PBXBuildFile</string>
		</dict>
		<key>286D93F31A0DEF0600C63224</key>
		<dict>
			<key>children</key>
			<array>
				<string>281998881ADCCFA700944E7F</string>
				<string>286D93FD1A0DEF0600C63224</string>
				<string>2813866E1A2AF3D300A38D17</string>
			</array>
			<key>isa</key>
			<string>PBXGroup</string>
			<key>path</key>
			<string>SpeedKit</string>
			<key>sourceTree</key>
			<string>&lt;group&gt;</string>
		</dict>
		<key>286D93F41A0DEF0600C63224</key>
		<dict>
			<key>children</key>
			<array>
				<string>286D93FF1A0DEF0600C63224</string>
				<string>28351B721A19B88E005C56D8</string>
				<string>286D93F51A0DEF0600C63224</string>
				<string>286D93F91A0DEF0600C63224</string>
			</array>
			<key>isa</key>
			<string>PBXGroup</string>
			<key>path</key>
			<string>Generic Collection</string>
			<key>sourceTree</key>
			<string>&lt;group&gt;</string>
		</dict>
		<key>286D93F51A0DEF0600C63224</key>
		<dict>
			<key>children</key>
			<array>
				<string>286D93F71A0DEF0600C63224</string>
			</array>
			<key>isa</key>
			<string>PBXGroup</string>
			<key>path</key>
			<string>Controllers</string>
			<key>sourceTree</key>
			<string>&lt;group&gt;</string>
		</dict>
		<key>286D93F71A0DEF0600C63224</key>
		<dict>
			<key>fileEncoding</key>
			<string>4</string>
			<key>isa</key>
			<string>PBXFileReference</string>
			<key>lastKnownFileType</key>
			<string>sourcecode.swift</string>
			<key>path</key>
			<string>SPListingCollectionVC.swift</string>
			<key>sourceTree</key>
			<string>&lt;group&gt;</string>
		</dict>
		<key>286D93F91A0DEF0600C63224</key>
		<dict>
			<key>children</key>
			<array/>
			<key>isa</key>
			<string>PBXGroup</string>
			<key>path</key>
			<string>Model</string>
			<key>sourceTree</key>
			<string>&lt;group&gt;</string>
		</dict>
		<key>286D93FB1A0DEF0600C63224</key>
		<dict>
			<key>children</key>
			<array>
				<string>286D93FC1A0DEF0600C63224</string>
			</array>
			<key>isa</key>
			<string>PBXGroup</string>
			<key>path</key>
			<string>Views</string>
			<key>sourceTree</key>
			<string>&lt;group&gt;</string>
		</dict>
		<key>286D93FC1A0DEF0600C63224</key>
		<dict>
			<key>fileEncoding</key>
			<string>4</string>
			<key>isa</key>
			<string>PBXFileReference</string>
			<key>lastKnownFileType</key>
			<string>file.storyboard</string>
			<key>path</key>
			<string>SPListing.storyboard</string>
			<key>sourceTree</key>
			<string>&lt;group&gt;</string>
		</dict>
		<key>286D93FD1A0DEF0600C63224</key>
		<dict>
			<key>children</key>
			<array>
				<string>289209551ADA54A2001D8812</string>
				<string>289FDB6B1ADC083E002839D4</string>
				<string>28650DB21A177F6C003DEEAF</string>
				<string>286D94001A0DEF0600C63224</string>
				<string>286D94011A0DEF0600C63224</string>
				<string>286D94021A0DEF0600C63224</string>
				<string>286D93FB1A0DEF0600C63224</string>
				<string>286D93F41A0DEF0600C63224</string>
				<string>286D94041A0DEF0600C63224</string>
			</array>
			<key>isa</key>
			<string>PBXGroup</string>
			<key>path</key>
			<string>Listing Automation</string>
			<key>sourceTree</key>
			<string>&lt;group&gt;</string>
		</dict>
		<key>286D93FF1A0DEF0600C63224</key>
		<dict>
			<key>fileEncoding</key>
			<string>4</string>
			<key>isa</key>
			<string>PBXFileReference</string>
			<key>lastKnownFileType</key>
			<string>sourcecode.swift</string>
			<key>path</key>
			<string>SPUIViewController+CollectionDatasource.swift</string>
			<key>sourceTree</key>
			<string>&lt;group&gt;</string>
		</dict>
		<key>286D94001A0DEF0600C63224</key>
		<dict>
			<key>fileEncoding</key>
			<string>4</string>
			<key>isa</key>
			<string>PBXFileReference</string>
			<key>lastKnownFileType</key>
			<string>sourcecode.swift</string>
			<key>path</key>
			<string>SPListingCellData.swift</string>
			<key>sourceTree</key>
			<string>&lt;group&gt;</string>
		</dict>
		<key>286D94011A0DEF0600C63224</key>
		<dict>
			<key>fileEncoding</key>
			<string>4</string>
			<key>isa</key>
			<string>PBXFileReference</string>
			<key>lastKnownFileType</key>
			<string>sourcecode.swift</string>
			<key>path</key>
			<string>SPListingCellProtocol.swift</string>
			<key>sourceTree</key>
			<string>&lt;group&gt;</string>
		</dict>
		<key>286D94021A0DEF0600C63224</key>
		<dict>
			<key>fileEncoding</key>
			<string>4</string>
			<key>isa</key>
			<string>PBXFileReference</string>
			<key>lastKnownFileType</key>
			<string>sourcecode.swift</string>
			<key>path</key>
			<string>SPListingViewControllerProtocol.swift</string>
			<key>sourceTree</key>
			<string>&lt;group&gt;</string>
		</dict>
		<key>286D94041A0DEF0600C63224</key>
		<dict>
			<key>children</key>
			<array>
				<string>286D94051A0DEF0600C63224</string>
				<string>289FDB6A1ADBFD87002839D4</string>
				<string>28C67A881ADD86C80033B39A</string>
			</array>
			<key>isa</key>
			<string>PBXGroup</string>
			<key>path</key>
			<string>Generic TableView</string>
			<key>sourceTree</key>
			<string>&lt;group&gt;</string>
		</dict>
		<key>286D94051A0DEF0600C63224</key>
		<dict>
			<key>fileEncoding</key>
			<string>4</string>
			<key>isa</key>
			<string>PBXFileReference</string>
			<key>lastKnownFileType</key>
			<string>sourcecode.swift</string>
			<key>path</key>
			<string>SPTableViewDatasource.swift</string>
			<key>sourceTree</key>
			<string>&lt;group&gt;</string>
		</dict>
		<key>286D94071A0DEF0600C63224</key>
		<dict>
			<key>fileRef</key>
			<string>286D93F71A0DEF0600C63224</string>
			<key>isa</key>
			<string>PBXBuildFile</string>
		</dict>
		<key>286D940A1A0DEF0600C63224</key>
		<dict>
			<key>fileRef</key>
			<string>286D93FC1A0DEF0600C63224</string>
			<key>isa</key>
			<string>PBXBuildFile</string>
		</dict>
		<key>286D940B1A0DEF0600C63224</key>
		<dict>
			<key>fileRef</key>
			<string>286D93FF1A0DEF0600C63224</string>
			<key>isa</key>
			<string>PBXBuildFile</string>
		</dict>
		<key>286D940C1A0DEF0600C63224</key>
		<dict>
			<key>fileRef</key>
			<string>286D94001A0DEF0600C63224</string>
			<key>isa</key>
			<string>PBXBuildFile</string>
		</dict>
		<key>286D940D1A0DEF0600C63224</key>
		<dict>
			<key>fileRef</key>
			<string>286D94011A0DEF0600C63224</string>
			<key>isa</key>
			<string>PBXBuildFile</string>
		</dict>
		<key>286D940E1A0DEF0600C63224</key>
		<dict>
			<key>fileRef</key>
			<string>286D94021A0DEF0600C63224</string>
			<key>isa</key>
			<string>PBXBuildFile</string>
		</dict>
		<key>286D94101A0DEF0600C63224</key>
		<dict>
			<key>fileRef</key>
			<string>286D94051A0DEF0600C63224</string>
			<key>isa</key>
			<string>PBXBuildFile</string>
		</dict>
		<key>287AC6B01972A4070096BCD3</key>
		<dict>
			<key>fileEncoding</key>
			<string>4</string>
			<key>isa</key>
			<string>PBXFileReference</string>
			<key>lastKnownFileType</key>
			<string>file.xib</string>
			<key>name</key>
			<string>SPTitleLabelCell.xib</string>
			<key>path</key>
			<string>SPTitleLabelCell.xib</string>
			<key>sourceTree</key>
			<string>&lt;group&gt;</string>
		</dict>
		<key>287AC6B11972A4070096BCD3</key>
		<dict>
			<key>fileRef</key>
			<string>287AC6B01972A4070096BCD3</string>
			<key>isa</key>
			<string>PBXBuildFile</string>
		</dict>
		<key>287AC6B21972A5850096BCD3</key>
		<dict>
			<key>fileEncoding</key>
			<string>4</string>
			<key>isa</key>
			<string>PBXFileReference</string>
			<key>lastKnownFileType</key>
			<string>sourcecode.swift</string>
			<key>name</key>
			<string>SPTitleLabelCell.swift</string>
			<key>path</key>
			<string>SPTitleLabelCell.swift</string>
			<key>sourceTree</key>
			<string>&lt;group&gt;</string>
		</dict>
		<key>287AC6B31972A5850096BCD3</key>
		<dict>
			<key>fileRef</key>
			<string>287AC6B21972A5850096BCD3</string>
			<key>isa</key>
			<string>PBXBuildFile</string>
		</dict>
		<key>289209521ADA5230001D8812</key>
		<dict>
			<key>fileEncoding</key>
			<string>4</string>
			<key>isa</key>
			<string>PBXFileReference</string>
			<key>lastKnownFileType</key>
			<string>sourcecode.swift</string>
			<key>path</key>
			<string>SPListingTableVC.swift</string>
			<key>sourceTree</key>
			<string>&lt;group&gt;</string>
		</dict>
		<key>289209531ADA5230001D8812</key>
		<dict>
			<key>fileRef</key>
			<string>289209521ADA5230001D8812</string>
			<key>isa</key>
			<string>PBXBuildFile</string>
		</dict>
		<key>289209551ADA54A2001D8812</key>
		<dict>
			<key>fileEncoding</key>
			<string>4</string>
			<key>isa</key>
			<string>PBXFileReference</string>
			<key>lastKnownFileType</key>
			<string>sourcecode.swift</string>
			<key>name</key>
			<string>SPListingConstants.swift</string>
			<key>path</key>
			<string>SPListingConstants.swift</string>
			<key>sourceTree</key>
			<string>&lt;group&gt;</string>
		</dict>
		<key>289209561ADA54A2001D8812</key>
		<dict>
			<key>fileRef</key>
			<string>289209551ADA54A2001D8812</string>
			<key>isa</key>
			<string>PBXBuildFile</string>
		</dict>
		<key>289FDB6A1ADBFD87002839D4</key>
		<dict>
			<key>children</key>
			<array>
				<string>289209521ADA5230001D8812</string>
				<string>28DCD6F41ADAC93A00E5C258</string>
			</array>
			<key>isa</key>
			<string>PBXGroup</string>
			<key>name</key>
			<string>Basic TableView</string>
			<key>path</key>
			<string>Basic TableView</string>
			<key>sourceTree</key>
			<string>&lt;group&gt;</string>
		</dict>
		<key>289FDB6B1ADC083E002839D4</key>
		<dict>
			<key>fileEncoding</key>
			<string>4</string>
			<key>isa</key>
			<string>PBXFileReference</string>
			<key>lastKnownFileType</key>
			<string>sourcecode.swift</string>
			<key>path</key>
			<string>SPListingData.swift</string>
			<key>sourceTree</key>
			<string>&lt;group&gt;</string>
		</dict>
		<key>289FDB6C1ADC083E002839D4</key>
		<dict>
			<key>fileRef</key>
			<string>289FDB6B1ADC083E002839D4</string>
			<key>isa</key>
			<string>PBXBuildFile</string>
		</dict>
		<key>28C67A871ADD54070033B39A</key>
		<dict>
			<key>buildActionMask</key>
			<string>2147483647</string>
			<key>files</key>
			<array/>
			<key>inputPaths</key>
			<array/>
			<key>isa</key>
			<string>PBXShellScriptBuildPhase</string>
			<key>outputPaths</key>
			<array/>
			<key>runOnlyForDeploymentPostprocessing</key>
			<string>0</string>
			<key>shellPath</key>
			<string>/bin/sh</string>
			<key>shellScript</key>
			<string>if [ "${CONFIGURATION}" = "Debug" ]; then
TAGS="TODO:|FIXME:"
echo "searching ${SRCROOT} for ${TAGS}"
find "${SRCROOT}" \( -name "*.swift" \) -print0 | xargs -0 egrep --with-filename --line-number --only-matching "($TAGS).*\$" | perl -p -e "s/($TAGS)/ warning: \$1/"
fi</string>
		</dict>
		<key>28C67A881ADD86C80033B39A</key>
		<dict>
			<key>children</key>
			<array>
				<string>287AC6B01972A4070096BCD3</string>
				<string>287AC6B21972A5850096BCD3</string>
			</array>
			<key>isa</key>
			<string>PBXGroup</string>
			<key>name</key>
			<string>Generic Cells</string>
			<key>path</key>
			<string>Generic Cells</string>
			<key>sourceTree</key>
			<string>&lt;group&gt;</string>
		</dict>
		<key>28DCD6F41ADAC93A00E5C258</key>
		<dict>
			<key>fileEncoding</key>
			<string>4</string>
			<key>isa</key>
			<string>PBXFileReference</string>
			<key>lastKnownFileType</key>
			<string>sourcecode.swift</string>
			<key>path</key>
			<string>SPListingTableVCDelegateProtocol.swift</string>
			<key>sourceTree</key>
			<string>&lt;group&gt;</string>
		</dict>
		<key>28DCD6F51ADAC93A00E5C258</key>
		<dict>
			<key>fileRef</key>
			<string>28DCD6F41ADAC93A00E5C258</string>
			<key>isa</key>
			<string>PBXBuildFile</string>
		</dict>
	</dict>
	<key>rootObject</key>
	<string>285C8C11196D85410058C8E2</string>
</dict>
</plist>
