// !$*UTF8*$!
{
	archiveVersion = 1;
	classes = {
	};
	objectVersion = 46;
	objects = {

/* Begin PBXBuildFile section */
		280D99561AE254D500FB3CF4 /* SPTitleLabelCell.xib in Resources */ = {isa = PBXBuildFile; fileRef = 287AC6B01972A4070096BCD3 /* SPTitleLabelCell.xib */; };
		280E5F0A1AEB83E5003BAC96 /* SPTableViewDataSourceTests.swift in Sources */ = {isa = PBXBuildFile; fileRef = 280E5F091AEB83E5003BAC96 /* SPTableViewDataSourceTests.swift */; };
		281386701A2AF42200A38D17 /* SPSegmentControllerHolderController.swift in Sources */ = {isa = PBXBuildFile; fileRef = 2813866F1A2AF42200A38D17 /* SPSegmentControllerHolderController.swift */; };
		2813B7151AE94214004CACA9 /* SPListingDataTests.swift in Sources */ = {isa = PBXBuildFile; fileRef = 2813B7141AE94214004CACA9 /* SPListingDataTests.swift */; };
		281998891ADCCFA700944E7F /* SPUIHelper.swift in Sources */ = {isa = PBXBuildFile; fileRef = 281998881ADCCFA700944E7F /* SPUIHelper.swift */; };
		282135F71A1F009600DA23CB /* ColumnBasedLayoutDatasource.swift in Sources */ = {isa = PBXBuildFile; fileRef = 282135F61A1F009600DA23CB /* ColumnBasedLayoutDatasource.swift */; };
		282337251A1733EF0003F3C4 /* SampleCollectionViewCell.swift in Sources */ = {isa = PBXBuildFile; fileRef = 282337241A1733EF0003F3C4 /* SampleCollectionViewCell.swift */; };
		282337271A1733F90003F3C4 /* SampleCollectionViewCell.xib in Resources */ = {isa = PBXBuildFile; fileRef = 282337261A1733F90003F3C4 /* SampleCollectionViewCell.xib */; };
		28332B001A38022200CFFA56 /* SPListingColumnBasedLayout.swift in Sources */ = {isa = PBXBuildFile; fileRef = 28332AFD1A38022200CFFA56 /* SPListingColumnBasedLayout.swift */; };
		28332B011A38022200CFFA56 /* SPListingColumnBasedLayoutDelegate.swift in Sources */ = {isa = PBXBuildFile; fileRef = 28332AFE1A38022200CFFA56 /* SPListingColumnBasedLayoutDelegate.swift */; };
		28332B021A38022200CFFA56 /* SPListingColumnBasedLayoutInvalidationContext.swift in Sources */ = {isa = PBXBuildFile; fileRef = 28332AFF1A38022200CFFA56 /* SPListingColumnBasedLayoutInvalidationContext.swift */; };
		28472CA61AE1522D00C72E2F /* SDHeaderFooterTestCaseVC.swift in Sources */ = {isa = PBXBuildFile; fileRef = 28472CA51AE1522D00C72E2F /* SDHeaderFooterTestCaseVC.swift */; };
		2849E9661AE3F25700914714 /* SPListingSectionTests.swift in Sources */ = {isa = PBXBuildFile; fileRef = 2849E9651AE3F25700914714 /* SPListingSectionTests.swift */; };
		285C8C1F196D85410058C8E2 /* AppDelegate.swift in Sources */ = {isa = PBXBuildFile; fileRef = 285C8C1E196D85410058C8E2 /* AppDelegate.swift */; };
		285C8C21196D85410058C8E2 /* SDHomeViewController.swift in Sources */ = {isa = PBXBuildFile; fileRef = 285C8C20196D85410058C8E2 /* SDHomeViewController.swift */; };
		285C8C24196D85410058C8E2 /* Main.storyboard in Resources */ = {isa = PBXBuildFile; fileRef = 285C8C22196D85410058C8E2 /* Main.storyboard */; };
		285C8C26196D85410058C8E2 /* Images.xcassets in Resources */ = {isa = PBXBuildFile; fileRef = 285C8C25196D85410058C8E2 /* Images.xcassets */; };
		285CA8411A172AED00E5093E /* CollectionVC.swift in Sources */ = {isa = PBXBuildFile; fileRef = 285CA8401A172AED00E5093E /* CollectionVC.swift */; };
		28650DB31A177F6C003DEEAF /* SPListingSection.swift in Sources */ = {isa = PBXBuildFile; fileRef = 28650DB21A177F6C003DEEAF /* SPListingSection.swift */; };
		286D94071A0DEF0600C63224 /* SPListingCollectionVC.swift in Sources */ = {isa = PBXBuildFile; fileRef = 286D93F71A0DEF0600C63224 /* SPListingCollectionVC.swift */; };
		286D940A1A0DEF0600C63224 /* SPListing.storyboard in Resources */ = {isa = PBXBuildFile; fileRef = 286D93FC1A0DEF0600C63224 /* SPListing.storyboard */; };
		286D940B1A0DEF0600C63224 /* SPUIViewController+CollectionDatasource.swift in Sources */ = {isa = PBXBuildFile; fileRef = 286D93FF1A0DEF0600C63224 /* SPUIViewController+CollectionDatasource.swift */; };
		286D940C1A0DEF0600C63224 /* SPListingCellGroup.swift in Sources */ = {isa = PBXBuildFile; fileRef = 286D94001A0DEF0600C63224 /* SPListingCellGroup.swift */; };
		286D940D1A0DEF0600C63224 /* SPListingCellProtocol.swift in Sources */ = {isa = PBXBuildFile; fileRef = 286D94011A0DEF0600C63224 /* SPListingCellProtocol.swift */; };
		286D940E1A0DEF0600C63224 /* SPListingViewProtocol.swift in Sources */ = {isa = PBXBuildFile; fileRef = 286D94021A0DEF0600C63224 /* SPListingViewProtocol.swift */; };
		287AC6B11972A4070096BCD3 /* SPTitleLabelCell.xib in Resources */ = {isa = PBXBuildFile; fileRef = 287AC6B01972A4070096BCD3 /* SPTitleLabelCell.xib */; };
		287AC6B31972A5850096BCD3 /* SPTitleLabelCell.swift in Sources */ = {isa = PBXBuildFile; fileRef = 287AC6B21972A5850096BCD3 /* SPTitleLabelCell.swift */; };
		289209561ADA54A2001D8812 /* SPListingConstants.swift in Sources */ = {isa = PBXBuildFile; fileRef = 289209551ADA54A2001D8812 /* SPListingConstants.swift */; };
		289461971ADE9311007C6E56 /* SDBasicTableVC.swift in Sources */ = {isa = PBXBuildFile; fileRef = 289461961ADE9311007C6E56 /* SDBasicTableVC.swift */; };
		2894619D1ADEA3DE007C6E56 /* SDRuntimeChangesTestCaseVC.swift in Sources */ = {isa = PBXBuildFile; fileRef = 2894619C1ADEA3DE007C6E56 /* SDRuntimeChangesTestCaseVC.swift */; };
		2894619F1ADF71E9007C6E56 /* SPTableView.swift in Sources */ = {isa = PBXBuildFile; fileRef = 2894619E1ADF71E9007C6E56 /* SPTableView.swift */; };
		289FDB6C1ADC083E002839D4 /* SPListingData.swift in Sources */ = {isa = PBXBuildFile; fileRef = 289FDB6B1ADC083E002839D4 /* SPListingData.swift */; };
		28A99EC11AE248830004F5C6 /* SPTableViewDatasource.swift in Sources */ = {isa = PBXBuildFile; fileRef = EB3EED95D1DC26E5DA74CA8E /* SPTableViewDatasource.swift */; };
		28CD62B01AE2482D00C9B2AE /* SPListingCellGroupTests.swift in Sources */ = {isa = PBXBuildFile; fileRef = 285C8C31196D85410058C8E2 /* SPListingCellGroupTests.swift */; };
		28CD62B11AE2484600C9B2AE /* SPUIHelper.swift in Sources */ = {isa = PBXBuildFile; fileRef = 281998881ADCCFA700944E7F /* SPUIHelper.swift */; };
		28CD62B21AE2484600C9B2AE /* SPSegmentControllerHolderController.swift in Sources */ = {isa = PBXBuildFile; fileRef = 2813866F1A2AF42200A38D17 /* SPSegmentControllerHolderController.swift */; };
		28CD62B31AE2484600C9B2AE /* SPListingConstants.swift in Sources */ = {isa = PBXBuildFile; fileRef = 289209551ADA54A2001D8812 /* SPListingConstants.swift */; };
		28CD62B41AE2484600C9B2AE /* SPListingData.swift in Sources */ = {isa = PBXBuildFile; fileRef = 289FDB6B1ADC083E002839D4 /* SPListingData.swift */; };
		28CD62B51AE2484600C9B2AE /* SPListingSection.swift in Sources */ = {isa = PBXBuildFile; fileRef = 28650DB21A177F6C003DEEAF /* SPListingSection.swift */; };
		28CD62B61AE2484600C9B2AE /* SPListingCellGroup.swift in Sources */ = {isa = PBXBuildFile; fileRef = 286D94001A0DEF0600C63224 /* SPListingCellGroup.swift */; };
		28CD62B71AE2484600C9B2AE /* SPListingCellProtocol.swift in Sources */ = {isa = PBXBuildFile; fileRef = 286D94011A0DEF0600C63224 /* SPListingCellProtocol.swift */; };
		28CD62B81AE2484600C9B2AE /* SPListingViewProtocol.swift in Sources */ = {isa = PBXBuildFile; fileRef = 286D94021A0DEF0600C63224 /* SPListingViewProtocol.swift */; };
		28CD62B91AE2484600C9B2AE /* SPTableView.swift in Sources */ = {isa = PBXBuildFile; fileRef = 2894619E1ADF71E9007C6E56 /* SPTableView.swift */; };
		28CD62BA1AE2484600C9B2AE /* SPTitleLabelCell.swift in Sources */ = {isa = PBXBuildFile; fileRef = 287AC6B21972A5850096BCD3 /* SPTitleLabelCell.swift */; };
		EB3EEE6FF5C01E5AE0BBC517 /* SPTableViewDatasource.swift in Sources */ = {isa = PBXBuildFile; fileRef = EB3EED95D1DC26E5DA74CA8E /* SPTableViewDatasource.swift */; };
/* End PBXBuildFile section */

/* Begin PBXContainerItemProxy section */
		2888BB5A1AE2552100CF5D87 /* PBXContainerItemProxy */ = {
			isa = PBXContainerItemProxy;
			containerPortal = 285C8C11196D85410058C8E2 /* Project object */;
			proxyType = 1;
			remoteGlobalIDString = 285C8C18196D85410058C8E2;
			remoteInfo = SpeedKitDemo;
		};
/* End PBXContainerItemProxy section */

/* Begin PBXFileReference section */
		280E5F091AEB83E5003BAC96 /* SPTableViewDataSourceTests.swift */ = {isa = PBXFileReference; fileEncoding = 4; lastKnownFileType = sourcecode.swift; path = SPTableViewDataSourceTests.swift; sourceTree = "<group>"; };
		2813866F1A2AF42200A38D17 /* SPSegmentControllerHolderController.swift */ = {isa = PBXFileReference; fileEncoding = 4; lastKnownFileType = sourcecode.swift; path = SPSegmentControllerHolderController.swift; sourceTree = "<group>"; };
		2813B7141AE94214004CACA9 /* SPListingDataTests.swift */ = {isa = PBXFileReference; fileEncoding = 4; lastKnownFileType = sourcecode.swift; path = SPListingDataTests.swift; sourceTree = "<group>"; };
		281998881ADCCFA700944E7F /* SPUIHelper.swift */ = {isa = PBXFileReference; fileEncoding = 4; lastKnownFileType = sourcecode.swift; path = SPUIHelper.swift; sourceTree = "<group>"; };
		282135F61A1F009600DA23CB /* ColumnBasedLayoutDatasource.swift */ = {isa = PBXFileReference; fileEncoding = 4; lastKnownFileType = sourcecode.swift; path = ColumnBasedLayoutDatasource.swift; sourceTree = "<group>"; };
		282337241A1733EF0003F3C4 /* SampleCollectionViewCell.swift */ = {isa = PBXFileReference; fileEncoding = 4; lastKnownFileType = sourcecode.swift; path = SampleCollectionViewCell.swift; sourceTree = "<group>"; };
		282337261A1733F90003F3C4 /* SampleCollectionViewCell.xib */ = {isa = PBXFileReference; fileEncoding = 4; lastKnownFileType = file.xib; path = SampleCollectionViewCell.xib; sourceTree = "<group>"; };
		28332AFD1A38022200CFFA56 /* SPListingColumnBasedLayout.swift */ = {isa = PBXFileReference; fileEncoding = 4; lastKnownFileType = sourcecode.swift; path = SPListingColumnBasedLayout.swift; sourceTree = "<group>"; };
		28332AFE1A38022200CFFA56 /* SPListingColumnBasedLayoutDelegate.swift */ = {isa = PBXFileReference; fileEncoding = 4; lastKnownFileType = sourcecode.swift; path = SPListingColumnBasedLayoutDelegate.swift; sourceTree = "<group>"; };
		28332AFF1A38022200CFFA56 /* SPListingColumnBasedLayoutInvalidationContext.swift */ = {isa = PBXFileReference; fileEncoding = 4; lastKnownFileType = sourcecode.swift; path = SPListingColumnBasedLayoutInvalidationContext.swift; sourceTree = "<group>"; };
		28472CA51AE1522D00C72E2F /* SDHeaderFooterTestCaseVC.swift */ = {isa = PBXFileReference; fileEncoding = 4; lastKnownFileType = sourcecode.swift; path = SDHeaderFooterTestCaseVC.swift; sourceTree = "<group>"; };
		2849E9651AE3F25700914714 /* SPListingSectionTests.swift */ = {isa = PBXFileReference; fileEncoding = 4; lastKnownFileType = sourcecode.swift; path = SPListingSectionTests.swift; sourceTree = "<group>"; };
		285C8C19196D85410058C8E2 /* SpeedKitDemo.app */ = {isa = PBXFileReference; explicitFileType = wrapper.application; includeInIndex = 0; path = SpeedKitDemo.app; sourceTree = BUILT_PRODUCTS_DIR; };
		285C8C1D196D85410058C8E2 /* Info.plist */ = {isa = PBXFileReference; lastKnownFileType = text.plist.xml; path = Info.plist; sourceTree = "<group>"; };
		285C8C1E196D85410058C8E2 /* AppDelegate.swift */ = {isa = PBXFileReference; lastKnownFileType = sourcecode.swift; path = AppDelegate.swift; sourceTree = "<group>"; };
		285C8C20196D85410058C8E2 /* SDHomeViewController.swift */ = {isa = PBXFileReference; lastKnownFileType = sourcecode.swift; path = SDHomeViewController.swift; sourceTree = "<group>"; };
		285C8C23196D85410058C8E2 /* Base */ = {isa = PBXFileReference; lastKnownFileType = file.storyboard; name = Base; path = Base.lproj/Main.storyboard; sourceTree = "<group>"; };
		285C8C25196D85410058C8E2 /* Images.xcassets */ = {isa = PBXFileReference; lastKnownFileType = folder.assetcatalog; path = Images.xcassets; sourceTree = "<group>"; };
		285C8C30196D85410058C8E2 /* Info.plist */ = {isa = PBXFileReference; lastKnownFileType = text.plist.xml; path = Info.plist; sourceTree = "<group>"; };
		285C8C31196D85410058C8E2 /* SPListingCellGroupTests.swift */ = {isa = PBXFileReference; lastKnownFileType = sourcecode.swift; name = SPListingCellGroupTests.swift; path = ../SpeedKitDemoTests/SPListingCellGroupTests.swift; sourceTree = "<group>"; };
		285CA8401A172AED00E5093E /* CollectionVC.swift */ = {isa = PBXFileReference; fileEncoding = 4; lastKnownFileType = sourcecode.swift; path = CollectionVC.swift; sourceTree = "<group>"; };
		28650DB21A177F6C003DEEAF /* SPListingSection.swift */ = {isa = PBXFileReference; fileEncoding = 4; lastKnownFileType = sourcecode.swift; path = SPListingSection.swift; sourceTree = "<group>"; };
		286D93F71A0DEF0600C63224 /* SPListingCollectionVC.swift */ = {isa = PBXFileReference; fileEncoding = 4; lastKnownFileType = sourcecode.swift; path = SPListingCollectionVC.swift; sourceTree = "<group>"; };
		286D93FC1A0DEF0600C63224 /* SPListing.storyboard */ = {isa = PBXFileReference; fileEncoding = 4; lastKnownFileType = file.storyboard; path = SPListing.storyboard; sourceTree = "<group>"; };
		286D93FF1A0DEF0600C63224 /* SPUIViewController+CollectionDatasource.swift */ = {isa = PBXFileReference; fileEncoding = 4; lastKnownFileType = sourcecode.swift; path = "SPUIViewController+CollectionDatasource.swift"; sourceTree = "<group>"; };
		286D94001A0DEF0600C63224 /* SPListingCellGroup.swift */ = {isa = PBXFileReference; fileEncoding = 4; lastKnownFileType = sourcecode.swift; path = SPListingCellGroup.swift; sourceTree = "<group>"; };
		286D94011A0DEF0600C63224 /* SPListingCellProtocol.swift */ = {isa = PBXFileReference; fileEncoding = 4; lastKnownFileType = sourcecode.swift; path = SPListingCellProtocol.swift; sourceTree = "<group>"; };
		286D94021A0DEF0600C63224 /* SPListingViewProtocol.swift */ = {isa = PBXFileReference; fileEncoding = 4; lastKnownFileType = sourcecode.swift; path = SPListingViewProtocol.swift; sourceTree = "<group>"; };
		287AC6B01972A4070096BCD3 /* SPTitleLabelCell.xib */ = {isa = PBXFileReference; fileEncoding = 4; lastKnownFileType = file.xib; path = SPTitleLabelCell.xib; sourceTree = "<group>"; };
		287AC6B21972A5850096BCD3 /* SPTitleLabelCell.swift */ = {isa = PBXFileReference; fileEncoding = 4; lastKnownFileType = sourcecode.swift; path = SPTitleLabelCell.swift; sourceTree = "<group>"; };
		289209551ADA54A2001D8812 /* SPListingConstants.swift */ = {isa = PBXFileReference; fileEncoding = 4; lastKnownFileType = sourcecode.swift; path = SPListingConstants.swift; sourceTree = "<group>"; };
		289461961ADE9311007C6E56 /* SDBasicTableVC.swift */ = {isa = PBXFileReference; fileEncoding = 4; lastKnownFileType = sourcecode.swift; path = SDBasicTableVC.swift; sourceTree = "<group>"; };
		2894619C1ADEA3DE007C6E56 /* SDRuntimeChangesTestCaseVC.swift */ = {isa = PBXFileReference; fileEncoding = 4; lastKnownFileType = sourcecode.swift; path = SDRuntimeChangesTestCaseVC.swift; sourceTree = "<group>"; };
		2894619E1ADF71E9007C6E56 /* SPTableView.swift */ = {isa = PBXFileReference; fileEncoding = 4; lastKnownFileType = sourcecode.swift; path = SPTableView.swift; sourceTree = "<group>"; };
		289FDB6B1ADC083E002839D4 /* SPListingData.swift */ = {isa = PBXFileReference; fileEncoding = 4; lastKnownFileType = sourcecode.swift; path = SPListingData.swift; sourceTree = "<group>"; };
		28CD62A61AE247E500C9B2AE /* SpeedKitTests.xctest */ = {isa = PBXFileReference; explicitFileType = wrapper.cfbundle; includeInIndex = 0; path = SpeedKitTests.xctest; sourceTree = BUILT_PRODUCTS_DIR; };
		28CD62A91AE247E500C9B2AE /* Info.plist */ = {isa = PBXFileReference; lastKnownFileType = text.plist.xml; path = Info.plist; sourceTree = "<group>"; };
		EB3EED95D1DC26E5DA74CA8E /* SPTableViewDatasource.swift */ = {isa = PBXFileReference; fileEncoding = 4; lastKnownFileType = sourcecode.swift; name = SPTableViewDatasource.swift; path = "../SpeedKit/Listing Automation/Generic TableView/SPTableViewDatasource.swift"; sourceTree = "<group>"; };
/* End PBXFileReference section */

/* Begin PBXFrameworksBuildPhase section */
		285C8C16196D85410058C8E2 /* Frameworks */ = {
			isa = PBXFrameworksBuildPhase;
			buildActionMask = 2147483647;
			files = (
			);
			runOnlyForDeploymentPostprocessing = 0;
		};
		28CD62A31AE247E500C9B2AE /* Frameworks */ = {
			isa = PBXFrameworksBuildPhase;
			buildActionMask = 2147483647;
			files = (
			);
			runOnlyForDeploymentPostprocessing = 0;
		};
/* End PBXFrameworksBuildPhase section */

/* Begin PBXGroup section */
		2813866E1A2AF3D300A38D17 /* Segmented Controllers */ = {
			isa = PBXGroup;
			children = (
				2813866F1A2AF42200A38D17 /* SPSegmentControllerHolderController.swift */,
			);
			path = "Segmented Controllers";
			sourceTree = "<group>";
		};
		282337231A1733D40003F3C4 /* Views */ = {
			isa = PBXGroup;
			children = (
				285C8C22196D85410058C8E2 /* Main.storyboard */,
				282337261A1733F90003F3C4 /* SampleCollectionViewCell.xib */,
				282337241A1733EF0003F3C4 /* SampleCollectionViewCell.swift */,
			);
			path = Views;
			sourceTree = "<group>";
		};
		28351B721A19B88E005C56D8 /* Layouts */ = {
			isa = PBXGroup;
			children = (
				28332AFD1A38022200CFFA56 /* SPListingColumnBasedLayout.swift */,
				28332AFE1A38022200CFFA56 /* SPListingColumnBasedLayoutDelegate.swift */,
				28332AFF1A38022200CFFA56 /* SPListingColumnBasedLayoutInvalidationContext.swift */,
			);
			path = Layouts;
			sourceTree = "<group>";
		};
		285C8C10196D85410058C8E2 = {
			isa = PBXGroup;
			children = (
				286D93F31A0DEF0600C63224 /* SpeedKit */,
				285C8C1B196D85410058C8E2 /* SpeedKitDemo */,
				28CD62A71AE247E500C9B2AE /* SpeedKitTests */,
				285C8C2E196D85410058C8E2 /* SpeedKitDemoTests */,
				285C8C1A196D85410058C8E2 /* Products */,
			);
			sourceTree = "<group>";
		};
		285C8C1A196D85410058C8E2 /* Products */ = {
			isa = PBXGroup;
			children = (
				285C8C19196D85410058C8E2 /* SpeedKitDemo.app */,
				28CD62A61AE247E500C9B2AE /* SpeedKitTests.xctest */,
			);
			name = Products;
			sourceTree = "<group>";
		};
		285C8C1B196D85410058C8E2 /* SpeedKitDemo */ = {
			isa = PBXGroup;
			children = (
				285C8C1E196D85410058C8E2 /* AppDelegate.swift */,
				285C8C20196D85410058C8E2 /* SDHomeViewController.swift */,
				2894619A1ADEA389007C6E56 /* Basic TableView */,
				2894619B1ADEA3A2007C6E56 /* Collection View */,
				282337231A1733D40003F3C4 /* Views */,
				285C8C25196D85410058C8E2 /* Images.xcassets */,
				285C8C1C196D85410058C8E2 /* Supporting Files */,
			);
			path = SpeedKitDemo;
			sourceTree = "<group>";
		};
		285C8C1C196D85410058C8E2 /* Supporting Files */ = {
			isa = PBXGroup;
			children = (
				285C8C1D196D85410058C8E2 /* Info.plist */,
			);
			path = "Supporting Files";
			sourceTree = "<group>";
		};
		285C8C2E196D85410058C8E2 /* SpeedKitDemoTests */ = {
			isa = PBXGroup;
			children = (
				EB3EED95D1DC26E5DA74CA8E /* SPTableViewDatasource.swift */,
				285C8C2F196D85410058C8E2 /* Supporting Files */,
			);
			path = SpeedKitDemoTests;
			sourceTree = "<group>";
		};
		285C8C2F196D85410058C8E2 /* Supporting Files */ = {
			isa = PBXGroup;
			children = (
				285C8C30196D85410058C8E2 /* Info.plist */,
			);
			path = "Supporting Files";
			sourceTree = "<group>";
		};
		286D93F31A0DEF0600C63224 /* SpeedKit */ = {
			isa = PBXGroup;
			children = (
				281998881ADCCFA700944E7F /* SPUIHelper.swift */,
				2813866E1A2AF3D300A38D17 /* Segmented Controllers */,
				286D93FD1A0DEF0600C63224 /* Listing Automation */,
			);
			path = SpeedKit;
			sourceTree = "<group>";
		};
		286D93F41A0DEF0600C63224 /* Generic Collection */ = {
			isa = PBXGroup;
			children = (
				286D93FF1A0DEF0600C63224 /* SPUIViewController+CollectionDatasource.swift */,
				28351B721A19B88E005C56D8 /* Layouts */,
				286D93F51A0DEF0600C63224 /* Controllers */,
				286D93F91A0DEF0600C63224 /* Model */,
			);
			path = "Generic Collection";
			sourceTree = "<group>";
		};
		286D93F51A0DEF0600C63224 /* Controllers */ = {
			isa = PBXGroup;
			children = (
				286D93F71A0DEF0600C63224 /* SPListingCollectionVC.swift */,
			);
			path = Controllers;
			sourceTree = "<group>";
		};
		286D93F91A0DEF0600C63224 /* Model */ = {
			isa = PBXGroup;
			children = (
			);
			path = Model;
			sourceTree = "<group>";
		};
		286D93FB1A0DEF0600C63224 /* Views */ = {
			isa = PBXGroup;
			children = (
				286D93FC1A0DEF0600C63224 /* SPListing.storyboard */,
			);
			path = Views;
			sourceTree = "<group>";
		};
		286D93FD1A0DEF0600C63224 /* Listing Automation */ = {
			isa = PBXGroup;
			children = (
				289209551ADA54A2001D8812 /* SPListingConstants.swift */,
				289FDB6B1ADC083E002839D4 /* SPListingData.swift */,
				28650DB21A177F6C003DEEAF /* SPListingSection.swift */,
				286D94001A0DEF0600C63224 /* SPListingCellGroup.swift */,
				286D94011A0DEF0600C63224 /* SPListingCellProtocol.swift */,
				286D94021A0DEF0600C63224 /* SPListingViewProtocol.swift */,
				286D93FB1A0DEF0600C63224 /* Views */,
				286D93F41A0DEF0600C63224 /* Generic Collection */,
				286D94041A0DEF0600C63224 /* Generic TableView */,
			);
			path = "Listing Automation";
			sourceTree = "<group>";
		};
		286D94041A0DEF0600C63224 /* Generic TableView */ = {
			isa = PBXGroup;
			children = (
				289FDB6A1ADBFD87002839D4 /* Basic TableView */,
				28C67A881ADD86C80033B39A /* Generic Cells */,
			);
			path = "Generic TableView";
			sourceTree = "<group>";
		};
		2894619A1ADEA389007C6E56 /* Basic TableView */ = {
			isa = PBXGroup;
			children = (
				289461961ADE9311007C6E56 /* SDBasicTableVC.swift */,
				2894619C1ADEA3DE007C6E56 /* SDRuntimeChangesTestCaseVC.swift */,
				28472CA51AE1522D00C72E2F /* SDHeaderFooterTestCaseVC.swift */,
			);
			name = "Basic TableView";
			sourceTree = "<group>";
		};
		2894619B1ADEA3A2007C6E56 /* Collection View */ = {
			isa = PBXGroup;
			children = (
				285CA8401A172AED00E5093E /* CollectionVC.swift */,
				282135F61A1F009600DA23CB /* ColumnBasedLayoutDatasource.swift */,
			);
			name = "Collection View";
			sourceTree = "<group>";
		};
		289FDB6A1ADBFD87002839D4 /* Basic TableView */ = {
			isa = PBXGroup;
			children = (
				2894619E1ADF71E9007C6E56 /* SPTableView.swift */,
			);
			path = "Basic TableView";
			sourceTree = "<group>";
		};
		28C67A881ADD86C80033B39A /* Generic Cells */ = {
			isa = PBXGroup;
			children = (
				287AC6B01972A4070096BCD3 /* SPTitleLabelCell.xib */,
				287AC6B21972A5850096BCD3 /* SPTitleLabelCell.swift */,
			);
			path = "Generic Cells";
			sourceTree = "<group>";
		};
		28CD62A71AE247E500C9B2AE /* SpeedKitTests */ = {
			isa = PBXGroup;
			children = (
				285C8C31196D85410058C8E2 /* SPListingCellGroupTests.swift */,
				2849E9651AE3F25700914714 /* SPListingSectionTests.swift */,
				2813B7141AE94214004CACA9 /* SPListingDataTests.swift */,
				280E5F091AEB83E5003BAC96 /* SPTableViewDataSourceTests.swift */,
				28CD62A81AE247E500C9B2AE /* Supporting Files */,
			);
			path = SpeedKitTests;
			sourceTree = SOURCE_ROOT;
		};
		28CD62A81AE247E500C9B2AE /* Supporting Files */ = {
			isa = PBXGroup;
			children = (
				28CD62A91AE247E500C9B2AE /* Info.plist */,
			);
			name = "Supporting Files";
			sourceTree = "<group>";
		};
/* End PBXGroup section */

/* Begin PBXNativeTarget section */
		285C8C18196D85410058C8E2 /* SpeedKitDemo */ = {
			isa = PBXNativeTarget;
			buildConfigurationList = 285C8C35196D85410058C8E2 /* Build configuration list for PBXNativeTarget "SpeedKitDemo" */;
			buildPhases = (
				285C8C15196D85410058C8E2 /* Sources */,
				285C8C16196D85410058C8E2 /* Frameworks */,
				285C8C17196D85410058C8E2 /* Resources */,
				28C67A871ADD54070033B39A /* ShellScript */,
			);
			buildRules = (
			);
			dependencies = (
			);
			name = SpeedKitDemo;
			productName = SpeedKitDemo;
			productReference = 285C8C19196D85410058C8E2 /* SpeedKitDemo.app */;
			productType = "com.apple.product-type.application";
		};
		28CD62A51AE247E500C9B2AE /* SpeedKitTests */ = {
			isa = PBXNativeTarget;
			buildConfigurationList = 28CD62AE1AE247E500C9B2AE /* Build configuration list for PBXNativeTarget "SpeedKitTests" */;
			buildPhases = (
				28CD62A21AE247E500C9B2AE /* Sources */,
				28CD62A31AE247E500C9B2AE /* Frameworks */,
				28CD62A41AE247E500C9B2AE /* Resources */,
			);
			buildRules = (
			);
			dependencies = (
				2888BB5B1AE2552100CF5D87 /* PBXTargetDependency */,
			);
			name = SpeedKitTests;
			productName = SpeedKitTests;
			productReference = 28CD62A61AE247E500C9B2AE /* SpeedKitTests.xctest */;
			productType = "com.apple.product-type.bundle.unit-test";
		};
/* End PBXNativeTarget section */

/* Begin PBXProject section */
		285C8C11196D85410058C8E2 /* Project object */ = {
			isa = PBXProject;
			attributes = {
				LastUpgradeCheck = 0600;
				ORGANIZATIONNAME = Happyfall;
				TargetAttributes = {
					285C8C18196D85410058C8E2 = {
						CreatedOnToolsVersion = 6.0;
						DevelopmentTeam = JVPMRHD5PS;
					};
					28CD62A51AE247E500C9B2AE = {
						CreatedOnToolsVersion = 6.3;
						TestTargetID = 285C8C18196D85410058C8E2;
					};
				};
			};
			buildConfigurationList = 285C8C14196D85410058C8E2 /* Build configuration list for PBXProject "SpeedKitDemo" */;
			compatibilityVersion = "Xcode 3.2";
			developmentRegion = English;
			hasScannedForEncodings = 0;
			knownRegions = (
				en,
				Base,
			);
			mainGroup = 285C8C10196D85410058C8E2;
			productRefGroup = 285C8C1A196D85410058C8E2 /* Products */;
			projectDirPath = "";
			projectRoot = "";
			targets = (
				285C8C18196D85410058C8E2 /* SpeedKitDemo */,
				28CD62A51AE247E500C9B2AE /* SpeedKitTests */,
			);
		};
/* End PBXProject section */

/* Begin PBXResourcesBuildPhase section */
		285C8C17196D85410058C8E2 /* Resources */ = {
			isa = PBXResourcesBuildPhase;
			buildActionMask = 2147483647;
			files = (
				285C8C24196D85410058C8E2 /* Main.storyboard in Resources */,
				287AC6B11972A4070096BCD3 /* SPTitleLabelCell.xib in Resources */,
				282337271A1733F90003F3C4 /* SampleCollectionViewCell.xib in Resources */,
				286D940A1A0DEF0600C63224 /* SPListing.storyboard in Resources */,
				285C8C26196D85410058C8E2 /* Images.xcassets in Resources */,
			);
			runOnlyForDeploymentPostprocessing = 0;
		};
		28CD62A41AE247E500C9B2AE /* Resources */ = {
			isa = PBXResourcesBuildPhase;
			buildActionMask = 2147483647;
			files = (
				280D99561AE254D500FB3CF4 /* SPTitleLabelCell.xib in Resources */,
			);
			runOnlyForDeploymentPostprocessing = 0;
		};
/* End PBXResourcesBuildPhase section */

/* Begin PBXShellScriptBuildPhase section */
		28C67A871ADD54070033B39A /* ShellScript */ = {
			isa = PBXShellScriptBuildPhase;
			buildActionMask = 2147483647;
			files = (
			);
			inputPaths = (
			);
			outputPaths = (
			);
			runOnlyForDeploymentPostprocessing = 0;
			shellPath = /bin/sh;
			shellScript = "if [ \"${CONFIGURATION}\" = \"Debug\" ]; then\nTAGS=\"TODO:|FIXME:\"\necho \"searching ${SRCROOT} for ${TAGS}\"\nfind \"${SRCROOT}\" \\( -name \"*.swift\" \\) -print0 | xargs -0 egrep --with-filename --line-number --only-matching \"($TAGS).*\\$\" | perl -p -e \"s/($TAGS)/ warning: \\$1/\"\nfi";
		};
/* End PBXShellScriptBuildPhase section */

/* Begin PBXSourcesBuildPhase section */
		285C8C15196D85410058C8E2 /* Sources */ = {
			isa = PBXSourcesBuildPhase;
			buildActionMask = 2147483647;
			files = (
				2894619D1ADEA3DE007C6E56 /* SDRuntimeChangesTestCaseVC.swift in Sources */,
				285C8C21196D85410058C8E2 /* SDHomeViewController.swift in Sources */,
				287AC6B31972A5850096BCD3 /* SPTitleLabelCell.swift in Sources */,
				281998891ADCCFA700944E7F /* SPUIHelper.swift in Sources */,
				28650DB31A177F6C003DEEAF /* SPListingSection.swift in Sources */,
				28332B011A38022200CFFA56 /* SPListingColumnBasedLayoutDelegate.swift in Sources */,
				286D940E1A0DEF0600C63224 /* SPListingViewProtocol.swift in Sources */,
				289FDB6C1ADC083E002839D4 /* SPListingData.swift in Sources */,
				286D940B1A0DEF0600C63224 /* SPUIViewController+CollectionDatasource.swift in Sources */,
				28332B001A38022200CFFA56 /* SPListingColumnBasedLayout.swift in Sources */,
				282337251A1733EF0003F3C4 /* SampleCollectionViewCell.swift in Sources */,
				28332B021A38022200CFFA56 /* SPListingColumnBasedLayoutInvalidationContext.swift in Sources */,
				286D940C1A0DEF0600C63224 /* SPListingCellGroup.swift in Sources */,
				28472CA61AE1522D00C72E2F /* SDHeaderFooterTestCaseVC.swift in Sources */,
				289209561ADA54A2001D8812 /* SPListingConstants.swift in Sources */,
				2894619F1ADF71E9007C6E56 /* SPTableView.swift in Sources */,
				282135F71A1F009600DA23CB /* ColumnBasedLayoutDatasource.swift in Sources */,
				286D940D1A0DEF0600C63224 /* SPListingCellProtocol.swift in Sources */,
				285C8C1F196D85410058C8E2 /* AppDelegate.swift in Sources */,
				285CA8411A172AED00E5093E /* CollectionVC.swift in Sources */,
				281386701A2AF42200A38D17 /* SPSegmentControllerHolderController.swift in Sources */,
				289461971ADE9311007C6E56 /* SDBasicTableVC.swift in Sources */,
				286D94071A0DEF0600C63224 /* SPListingCollectionVC.swift in Sources */,
				EB3EEE6FF5C01E5AE0BBC517 /* SPTableViewDatasource.swift in Sources */,
			);
			runOnlyForDeploymentPostprocessing = 0;
		};
		28CD62A21AE247E500C9B2AE /* Sources */ = {
			isa = PBXSourcesBuildPhase;
			buildActionMask = 2147483647;
			files = (
				28CD62B11AE2484600C9B2AE /* SPUIHelper.swift in Sources */,
				2813B7151AE94214004CACA9 /* SPListingDataTests.swift in Sources */,
				28CD62B51AE2484600C9B2AE /* SPListingSection.swift in Sources */,
				28CD62B41AE2484600C9B2AE /* SPListingData.swift in Sources */,
				280E5F0A1AEB83E5003BAC96 /* SPTableViewDataSourceTests.swift in Sources */,
				28CD62BA1AE2484600C9B2AE /* SPTitleLabelCell.swift in Sources */,
				28CD62B61AE2484600C9B2AE /* SPListingCellGroup.swift in Sources */,
				28CD62B31AE2484600C9B2AE /* SPListingConstants.swift in Sources */,
				28CD62B71AE2484600C9B2AE /* SPListingCellProtocol.swift in Sources */,
				28A99EC11AE248830004F5C6 /* SPTableViewDatasource.swift in Sources */,
				28CD62B91AE2484600C9B2AE /* SPTableView.swift in Sources */,
				28CD62B81AE2484600C9B2AE /* SPListingViewProtocol.swift in Sources */,
				28CD62B21AE2484600C9B2AE /* SPSegmentControllerHolderController.swift in Sources */,
				28CD62B01AE2482D00C9B2AE /* SPListingCellGroupTests.swift in Sources */,
				2849E9661AE3F25700914714 /* SPListingSectionTests.swift in Sources */,
			);
			runOnlyForDeploymentPostprocessing = 0;
		};
/* End PBXSourcesBuildPhase section */

/* Begin PBXTargetDependency section */
		2888BB5B1AE2552100CF5D87 /* PBXTargetDependency */ = {
			isa = PBXTargetDependency;
			target = 285C8C18196D85410058C8E2 /* SpeedKitDemo */;
			targetProxy = 2888BB5A1AE2552100CF5D87 /* PBXContainerItemProxy */;
		};
/* End PBXTargetDependency section */

/* Begin PBXVariantGroup section */
		285C8C22196D85410058C8E2 /* Main.storyboard */ = {
			isa = PBXVariantGroup;
			children = (
				285C8C23196D85410058C8E2 /* Base */,
			);
			name = Main.storyboard;
			path = ..;
			sourceTree = "<group>";
		};
/* End PBXVariantGroup section */

/* Begin XCBuildConfiguration section */
		285C8C33196D85410058C8E2 /* Debug */ = {
			isa = XCBuildConfiguration;
			buildSettings = {
				ALWAYS_SEARCH_USER_PATHS = NO;
				CLANG_CXX_LANGUAGE_STANDARD = "gnu++0x";
				CLANG_CXX_LIBRARY = "libc++";
				CLANG_ENABLE_MODULES = YES;
				CLANG_ENABLE_OBJC_ARC = YES;
				CLANG_WARN_BOOL_CONVERSION = YES;
				CLANG_WARN_CONSTANT_CONVERSION = YES;
				CLANG_WARN_DIRECT_OBJC_ISA_USAGE = YES_ERROR;
				CLANG_WARN_EMPTY_BODY = YES;
				CLANG_WARN_ENUM_CONVERSION = YES;
				CLANG_WARN_INT_CONVERSION = YES;
				CLANG_WARN_OBJC_ROOT_CLASS = YES_ERROR;
				CLANG_WARN_UNREACHABLE_CODE = YES;
				CLANG_WARN__DUPLICATE_METHOD_MATCH = YES;
				"CODE_SIGN_IDENTITY[sdk=iphoneos*]" = "iPhone Developer";
				COPY_PHASE_STRIP = NO;
				ENABLE_STRICT_OBJC_MSGSEND = YES;
				GCC_C_LANGUAGE_STANDARD = gnu99;
				GCC_DYNAMIC_NO_PIC = NO;
				GCC_OPTIMIZATION_LEVEL = 0;
				GCC_PREPROCESSOR_DEFINITIONS = (
					"DEBUG=1",
					"$(inherited)",
				);
				GCC_SYMBOLS_PRIVATE_EXTERN = NO;
				GCC_WARN_64_TO_32_BIT_CONVERSION = YES;
				GCC_WARN_ABOUT_RETURN_TYPE = YES_ERROR;
				GCC_WARN_UNDECLARED_SELECTOR = YES;
				GCC_WARN_UNINITIALIZED_AUTOS = YES_AGGRESSIVE;
				GCC_WARN_UNUSED_FUNCTION = YES;
				GCC_WARN_UNUSED_VARIABLE = YES;
				IPHONEOS_DEPLOYMENT_TARGET = 8.0;
				METAL_ENABLE_DEBUG_INFO = YES;
				ONLY_ACTIVE_ARCH = YES;
				SDKROOT = iphoneos;
				SWIFT_OPTIMIZATION_LEVEL = "-Onone";
				TARGETED_DEVICE_FAMILY = "1,2";
			};
			name = Debug;
		};
		285C8C34196D85410058C8E2 /* Release */ = {
			isa = XCBuildConfiguration;
			buildSettings = {
				ALWAYS_SEARCH_USER_PATHS = NO;
				CLANG_CXX_LANGUAGE_STANDARD = "gnu++0x";
				CLANG_CXX_LIBRARY = "libc++";
				CLANG_ENABLE_MODULES = YES;
				CLANG_ENABLE_OBJC_ARC = YES;
				CLANG_WARN_BOOL_CONVERSION = YES;
				CLANG_WARN_CONSTANT_CONVERSION = YES;
				CLANG_WARN_DIRECT_OBJC_ISA_USAGE = YES_ERROR;
				CLANG_WARN_EMPTY_BODY = YES;
				CLANG_WARN_ENUM_CONVERSION = YES;
				CLANG_WARN_INT_CONVERSION = YES;
				CLANG_WARN_OBJC_ROOT_CLASS = YES_ERROR;
				CLANG_WARN_UNREACHABLE_CODE = YES;
				CLANG_WARN__DUPLICATE_METHOD_MATCH = YES;
				"CODE_SIGN_IDENTITY[sdk=iphoneos*]" = "iPhone Developer";
				COPY_PHASE_STRIP = YES;
				ENABLE_NS_ASSERTIONS = NO;
				ENABLE_STRICT_OBJC_MSGSEND = YES;
				GCC_C_LANGUAGE_STANDARD = gnu99;
				GCC_WARN_64_TO_32_BIT_CONVERSION = YES;
				GCC_WARN_ABOUT_RETURN_TYPE = YES_ERROR;
				GCC_WARN_UNDECLARED_SELECTOR = YES;
				GCC_WARN_UNINITIALIZED_AUTOS = YES_AGGRESSIVE;
				GCC_WARN_UNUSED_FUNCTION = YES;
				GCC_WARN_UNUSED_VARIABLE = YES;
				IPHONEOS_DEPLOYMENT_TARGET = 8.0;
				METAL_ENABLE_DEBUG_INFO = NO;
				SDKROOT = iphoneos;
				TARGETED_DEVICE_FAMILY = "1,2";
				VALIDATE_PRODUCT = YES;
			};
			name = Release;
		};
		285C8C36196D85410058C8E2 /* Debug */ = {
			isa = XCBuildConfiguration;
			buildSettings = {
				ASSETCATALOG_COMPILER_APPICON_NAME = AppIcon;
				ASSETCATALOG_COMPILER_LAUNCHIMAGE_NAME = LaunchImage;
				CODE_SIGN_IDENTITY = "iPhone Developer";
				INFOPLIST_FILE = "SpeedKitDemo/Supporting Files/Info.plist";
				IPHONEOS_DEPLOYMENT_TARGET = 8.0;
				LD_RUNPATH_SEARCH_PATHS = "$(inherited) @executable_path/Frameworks";
				PRODUCT_NAME = "$(TARGET_NAME)";
				PROVISIONING_PROFILE = "c9c66661-eeb2-4849-998a-0277dfea60c6";
			};
			name = Debug;
		};
		285C8C37196D85410058C8E2 /* Release */ = {
			isa = XCBuildConfiguration;
			buildSettings = {
				ASSETCATALOG_COMPILER_APPICON_NAME = AppIcon;
				ASSETCATALOG_COMPILER_LAUNCHIMAGE_NAME = LaunchImage;
				CODE_SIGN_IDENTITY = "iPhone Developer";
				INFOPLIST_FILE = "SpeedKitDemo/Supporting Files/Info.plist";
				IPHONEOS_DEPLOYMENT_TARGET = 8.0;
				LD_RUNPATH_SEARCH_PATHS = "$(inherited) @executable_path/Frameworks";
				PRODUCT_NAME = "$(TARGET_NAME)";
				PROVISIONING_PROFILE = "c9c66661-eeb2-4849-998a-0277dfea60c6";
			};
			name = Release;
		};
		28CD62AC1AE247E500C9B2AE /* Debug */ = {
			isa = XCBuildConfiguration;
			buildSettings = {
				BUNDLE_LOADER = "$(TEST_HOST)";
				DEBUG_INFORMATION_FORMAT = "dwarf-with-dsym";
				FRAMEWORK_SEARCH_PATHS = (
					"$(SDKROOT)/Developer/Library/Frameworks",
					"$(inherited)",
				);
				GCC_NO_COMMON_BLOCKS = YES;
				GCC_PREPROCESSOR_DEFINITIONS = (
					"DEBUG=1",
					"$(inherited)",
				);
				INFOPLIST_FILE = SpeedKitTests/Info.plist;
				IPHONEOS_DEPLOYMENT_TARGET = 8.3;
				LD_RUNPATH_SEARCH_PATHS = "$(inherited) @executable_path/Frameworks @loader_path/Frameworks";
				MTL_ENABLE_DEBUG_INFO = YES;
				PRODUCT_NAME = "$(TARGET_NAME)";
				TEST_HOST = "$(BUILT_PRODUCTS_DIR)/SpeedKitDemo.app/SpeedKitDemo";
			};
			name = Debug;
		};
		28CD62AD1AE247E500C9B2AE /* Release */ = {
			isa = XCBuildConfiguration;
			buildSettings = {
				BUNDLE_LOADER = "$(TEST_HOST)";
				COPY_PHASE_STRIP = NO;
				DEBUG_INFORMATION_FORMAT = "dwarf-with-dsym";
				FRAMEWORK_SEARCH_PATHS = (
					"$(SDKROOT)/Developer/Library/Frameworks",
					"$(inherited)",
				);
				GCC_NO_COMMON_BLOCKS = YES;
				INFOPLIST_FILE = SpeedKitTests/Info.plist;
				IPHONEOS_DEPLOYMENT_TARGET = 8.3;
				LD_RUNPATH_SEARCH_PATHS = "$(inherited) @executable_path/Frameworks @loader_path/Frameworks";
				MTL_ENABLE_DEBUG_INFO = NO;
				PRODUCT_NAME = "$(TARGET_NAME)";
				TEST_HOST = "$(BUILT_PRODUCTS_DIR)/SpeedKitDemo.app/SpeedKitDemo";
			};
			name = Release;
		};
/* End XCBuildConfiguration section */

/* Begin XCConfigurationList section */
		285C8C14196D85410058C8E2 /* Build configuration list for PBXProject "SpeedKitDemo" */ = {
			isa = XCConfigurationList;
			buildConfigurations = (
				285C8C33196D85410058C8E2 /* Debug */,
				285C8C34196D85410058C8E2 /* Release */,
			);
			defaultConfigurationIsVisible = 0;
			defaultConfigurationName = Release;
		};
		285C8C35196D85410058C8E2 /* Build configuration list for PBXNativeTarget "SpeedKitDemo" */ = {
			isa = XCConfigurationList;
			buildConfigurations = (
				285C8C36196D85410058C8E2 /* Debug */,
				285C8C37196D85410058C8E2 /* Release */,
			);
			defaultConfigurationIsVisible = 0;
			defaultConfigurationName = Release;
		};
		28CD62AE1AE247E500C9B2AE /* Build configuration list for PBXNativeTarget "SpeedKitTests" */ = {
			isa = XCConfigurationList;
			buildConfigurations = (
				28CD62AC1AE247E500C9B2AE /* Debug */,
				28CD62AD1AE247E500C9B2AE /* Release */,
			);
			defaultConfigurationIsVisible = 0;
			defaultConfigurationName = Release;
		};
/* End XCConfigurationList section */
	};
	rootObject = 285C8C11196D85410058C8E2 /* Project object */;
}
