// !$*UTF8*$!
{
	archiveVersion = 1;
	classes = {
	};
	objectVersion = 46;
	objects = {

/* Begin PBXBuildFile section */
		282337251A1733EF0003F3C4 /* SampleCollectionViewCell.swift in Sources */ = {isa = PBXBuildFile; fileRef = 282337241A1733EF0003F3C4 /* SampleCollectionViewCell.swift */; };
		282337271A1733F90003F3C4 /* SampleCollectionViewCell.xib in Resources */ = {isa = PBXBuildFile; fileRef = 282337261A1733F90003F3C4 /* SampleCollectionViewCell.xib */; };
		285C8C1F196D85410058C8E2 /* AppDelegate.swift in Sources */ = {isa = PBXBuildFile; fileRef = 285C8C1E196D85410058C8E2 /* AppDelegate.swift */; };
		285C8C21196D85410058C8E2 /* ViewController.swift in Sources */ = {isa = PBXBuildFile; fileRef = 285C8C20196D85410058C8E2 /* ViewController.swift */; };
		285C8C24196D85410058C8E2 /* Main.storyboard in Resources */ = {isa = PBXBuildFile; fileRef = 285C8C22196D85410058C8E2 /* Main.storyboard */; };
		285C8C26196D85410058C8E2 /* Images.xcassets in Resources */ = {isa = PBXBuildFile; fileRef = 285C8C25196D85410058C8E2 /* Images.xcassets */; };
		285C8C32196D85410058C8E2 /* SpeedKitDemoTests.swift in Sources */ = {isa = PBXBuildFile; fileRef = 285C8C31196D85410058C8E2 /* SpeedKitDemoTests.swift */; };
		285CA8411A172AED00E5093E /* CollectionVC.swift in Sources */ = {isa = PBXBuildFile; fileRef = 285CA8401A172AED00E5093E /* CollectionVC.swift */; };
		286D94061A0DEF0600C63224 /* SPHorizontalCollectionMainController.swift in Sources */ = {isa = PBXBuildFile; fileRef = 286D93F61A0DEF0600C63224 /* SPHorizontalCollectionMainController.swift */; };
		286D94071A0DEF0600C63224 /* SPHorizontalCollectionVC.swift in Sources */ = {isa = PBXBuildFile; fileRef = 286D93F71A0DEF0600C63224 /* SPHorizontalCollectionVC.swift */; };
		286D94081A0DEF0600C63224 /* SPHorizontalLayout.swift in Sources */ = {isa = PBXBuildFile; fileRef = 286D93F81A0DEF0600C63224 /* SPHorizontalLayout.swift */; };
		286D94091A0DEF0600C63224 /* ReadMe.txt in Resources */ = {isa = PBXBuildFile; fileRef = 286D93FA1A0DEF0600C63224 /* ReadMe.txt */; };
		286D940A1A0DEF0600C63224 /* SPHorizontalCollection.storyboard in Resources */ = {isa = PBXBuildFile; fileRef = 286D93FC1A0DEF0600C63224 /* SPHorizontalCollection.storyboard */; };
		286D940B1A0DEF0600C63224 /* UIViewController+SPTableCollectionViewDatasource.swift in Sources */ = {isa = PBXBuildFile; fileRef = 286D93FF1A0DEF0600C63224 /* UIViewController+SPTableCollectionViewDatasource.swift */; };
		286D940C1A0DEF0600C63224 /* SPTableViewCellData.swift in Sources */ = {isa = PBXBuildFile; fileRef = 286D94001A0DEF0600C63224 /* SPTableViewCellData.swift */; };
		286D940D1A0DEF0600C63224 /* SPTableViewCellProtocol.swift in Sources */ = {isa = PBXBuildFile; fileRef = 286D94011A0DEF0600C63224 /* SPTableViewCellProtocol.swift */; };
		286D940E1A0DEF0600C63224 /* SPTableViewControllerProtocol.swift in Sources */ = {isa = PBXBuildFile; fileRef = 286D94021A0DEF0600C63224 /* SPTableViewControllerProtocol.swift */; };
		286D940F1A0DEF0600C63224 /* SPTableViewHelper.swift in Sources */ = {isa = PBXBuildFile; fileRef = 286D94031A0DEF0600C63224 /* SPTableViewHelper.swift */; };
		286D94101A0DEF0600C63224 /* UIViewController+SPTableViewDatasource.swift in Sources */ = {isa = PBXBuildFile; fileRef = 286D94051A0DEF0600C63224 /* UIViewController+SPTableViewDatasource.swift */; };
		287AC6B11972A4070096BCD3 /* SampleTableViewCell.xib in Resources */ = {isa = PBXBuildFile; fileRef = 287AC6B01972A4070096BCD3 /* SampleTableViewCell.xib */; };
		287AC6B31972A5850096BCD3 /* SampleTableViewCell.swift in Sources */ = {isa = PBXBuildFile; fileRef = 287AC6B21972A5850096BCD3 /* SampleTableViewCell.swift */; };
/* End PBXBuildFile section */

/* Begin PBXContainerItemProxy section */
		285C8C2C196D85410058C8E2 /* PBXContainerItemProxy */ = {
			isa = PBXContainerItemProxy;
			containerPortal = 285C8C11196D85410058C8E2 /* Project object */;
			proxyType = 1;
			remoteGlobalIDString = 285C8C18196D85410058C8E2;
			remoteInfo = SpeedKitDemo;
		};
/* End PBXContainerItemProxy section */

/* Begin PBXFileReference section */
		282337241A1733EF0003F3C4 /* SampleCollectionViewCell.swift */ = {isa = PBXFileReference; fileEncoding = 4; lastKnownFileType = sourcecode.swift; path = SampleCollectionViewCell.swift; sourceTree = "<group>"; };
		282337261A1733F90003F3C4 /* SampleCollectionViewCell.xib */ = {isa = PBXFileReference; fileEncoding = 4; lastKnownFileType = file.xib; path = SampleCollectionViewCell.xib; sourceTree = "<group>"; };
		285C8C19196D85410058C8E2 /* SpeedKitDemo.app */ = {isa = PBXFileReference; explicitFileType = wrapper.application; includeInIndex = 0; path = SpeedKitDemo.app; sourceTree = BUILT_PRODUCTS_DIR; };
		285C8C1D196D85410058C8E2 /* Info.plist */ = {isa = PBXFileReference; lastKnownFileType = text.plist.xml; path = Info.plist; sourceTree = "<group>"; };
		285C8C1E196D85410058C8E2 /* AppDelegate.swift */ = {isa = PBXFileReference; lastKnownFileType = sourcecode.swift; path = AppDelegate.swift; sourceTree = "<group>"; };
		285C8C20196D85410058C8E2 /* ViewController.swift */ = {isa = PBXFileReference; lastKnownFileType = sourcecode.swift; path = ViewController.swift; sourceTree = "<group>"; };
		285C8C23196D85410058C8E2 /* Base */ = {isa = PBXFileReference; lastKnownFileType = file.storyboard; name = Base; path = Base.lproj/Main.storyboard; sourceTree = "<group>"; };
		285C8C25196D85410058C8E2 /* Images.xcassets */ = {isa = PBXFileReference; lastKnownFileType = folder.assetcatalog; path = Images.xcassets; sourceTree = "<group>"; };
		285C8C2B196D85410058C8E2 /* SpeedKitDemoTests.xctest */ = {isa = PBXFileReference; explicitFileType = wrapper.cfbundle; includeInIndex = 0; path = SpeedKitDemoTests.xctest; sourceTree = BUILT_PRODUCTS_DIR; };
		285C8C30196D85410058C8E2 /* Info.plist */ = {isa = PBXFileReference; lastKnownFileType = text.plist.xml; path = Info.plist; sourceTree = "<group>"; };
		285C8C31196D85410058C8E2 /* SpeedKitDemoTests.swift */ = {isa = PBXFileReference; lastKnownFileType = sourcecode.swift; path = SpeedKitDemoTests.swift; sourceTree = "<group>"; };
		285CA8401A172AED00E5093E /* CollectionVC.swift */ = {isa = PBXFileReference; fileEncoding = 4; lastKnownFileType = sourcecode.swift; path = CollectionVC.swift; sourceTree = "<group>"; };
		286D93F61A0DEF0600C63224 /* SPHorizontalCollectionMainController.swift */ = {isa = PBXFileReference; fileEncoding = 4; lastKnownFileType = sourcecode.swift; path = SPHorizontalCollectionMainController.swift; sourceTree = "<group>"; };
		286D93F71A0DEF0600C63224 /* SPHorizontalCollectionVC.swift */ = {isa = PBXFileReference; fileEncoding = 4; lastKnownFileType = sourcecode.swift; path = SPHorizontalCollectionVC.swift; sourceTree = "<group>"; };
		286D93F81A0DEF0600C63224 /* SPHorizontalLayout.swift */ = {isa = PBXFileReference; fileEncoding = 4; lastKnownFileType = sourcecode.swift; path = SPHorizontalLayout.swift; sourceTree = "<group>"; };
		286D93FA1A0DEF0600C63224 /* ReadMe.txt */ = {isa = PBXFileReference; fileEncoding = 4; lastKnownFileType = text; path = ReadMe.txt; sourceTree = "<group>"; };
		286D93FC1A0DEF0600C63224 /* SPHorizontalCollection.storyboard */ = {isa = PBXFileReference; fileEncoding = 4; lastKnownFileType = file.storyboard; path = SPHorizontalCollection.storyboard; sourceTree = "<group>"; };
		286D93FF1A0DEF0600C63224 /* UIViewController+SPTableCollectionViewDatasource.swift */ = {isa = PBXFileReference; fileEncoding = 4; lastKnownFileType = sourcecode.swift; path = "UIViewController+SPTableCollectionViewDatasource.swift"; sourceTree = "<group>"; };
		286D94001A0DEF0600C63224 /* SPTableViewCellData.swift */ = {isa = PBXFileReference; fileEncoding = 4; lastKnownFileType = sourcecode.swift; path = SPTableViewCellData.swift; sourceTree = "<group>"; };
		286D94011A0DEF0600C63224 /* SPTableViewCellProtocol.swift */ = {isa = PBXFileReference; fileEncoding = 4; lastKnownFileType = sourcecode.swift; path = SPTableViewCellProtocol.swift; sourceTree = "<group>"; };
		286D94021A0DEF0600C63224 /* SPTableViewControllerProtocol.swift */ = {isa = PBXFileReference; fileEncoding = 4; lastKnownFileType = sourcecode.swift; path = SPTableViewControllerProtocol.swift; sourceTree = "<group>"; };
		286D94031A0DEF0600C63224 /* SPTableViewHelper.swift */ = {isa = PBXFileReference; fileEncoding = 4; lastKnownFileType = sourcecode.swift; path = SPTableViewHelper.swift; sourceTree = "<group>"; };
		286D94051A0DEF0600C63224 /* UIViewController+SPTableViewDatasource.swift */ = {isa = PBXFileReference; fileEncoding = 4; lastKnownFileType = sourcecode.swift; path = "UIViewController+SPTableViewDatasource.swift"; sourceTree = "<group>"; };
		287AC6B01972A4070096BCD3 /* SampleTableViewCell.xib */ = {isa = PBXFileReference; fileEncoding = 4; lastKnownFileType = file.xib; path = SampleTableViewCell.xib; sourceTree = "<group>"; };
		287AC6B21972A5850096BCD3 /* SampleTableViewCell.swift */ = {isa = PBXFileReference; fileEncoding = 4; lastKnownFileType = sourcecode.swift; path = SampleTableViewCell.swift; sourceTree = "<group>"; };
/* End PBXFileReference section */

/* Begin PBXFrameworksBuildPhase section */
		285C8C16196D85410058C8E2 /* Frameworks */ = {
			isa = PBXFrameworksBuildPhase;
			buildActionMask = 2147483647;
			files = (
			);
			runOnlyForDeploymentPostprocessing = 0;
		};
		285C8C28196D85410058C8E2 /* Frameworks */ = {
			isa = PBXFrameworksBuildPhase;
			buildActionMask = 2147483647;
			files = (
			);
			runOnlyForDeploymentPostprocessing = 0;
		};
/* End PBXFrameworksBuildPhase section */

/* Begin PBXGroup section */
		282337231A1733D40003F3C4 /* Views */ = {
			isa = PBXGroup;
			children = (
				287AC6B01972A4070096BCD3 /* SampleTableViewCell.xib */,
				287AC6B21972A5850096BCD3 /* SampleTableViewCell.swift */,
				282337261A1733F90003F3C4 /* SampleCollectionViewCell.xib */,
				282337241A1733EF0003F3C4 /* SampleCollectionViewCell.swift */,
			);
			name = Views;
			sourceTree = "<group>";
		};
		285C8C10196D85410058C8E2 = {
			isa = PBXGroup;
			children = (
				286D93F31A0DEF0600C63224 /* SpeedKit */,
				285C8C1B196D85410058C8E2 /* SpeedKitDemo */,
				285C8C2E196D85410058C8E2 /* SpeedKitDemoTests */,
				285C8C1A196D85410058C8E2 /* Products */,
			);
			sourceTree = "<group>";
		};
		285C8C1A196D85410058C8E2 /* Products */ = {
			isa = PBXGroup;
			children = (
				285C8C19196D85410058C8E2 /* SpeedKitDemo.app */,
				285C8C2B196D85410058C8E2 /* SpeedKitDemoTests.xctest */,
			);
			name = Products;
			sourceTree = "<group>";
		};
		285C8C1B196D85410058C8E2 /* SpeedKitDemo */ = {
			isa = PBXGroup;
			children = (
				285C8C1E196D85410058C8E2 /* AppDelegate.swift */,
				285C8C20196D85410058C8E2 /* ViewController.swift */,
				285CA8401A172AED00E5093E /* CollectionVC.swift */,
				285C8C22196D85410058C8E2 /* Main.storyboard */,
				282337231A1733D40003F3C4 /* Views */,
				285C8C25196D85410058C8E2 /* Images.xcassets */,
				285C8C1C196D85410058C8E2 /* Supporting Files */,
			);
			path = SpeedKitDemo;
			sourceTree = "<group>";
		};
		285C8C1C196D85410058C8E2 /* Supporting Files */ = {
			isa = PBXGroup;
			children = (
				285C8C1D196D85410058C8E2 /* Info.plist */,
			);
			name = "Supporting Files";
			sourceTree = "<group>";
		};
		285C8C2E196D85410058C8E2 /* SpeedKitDemoTests */ = {
			isa = PBXGroup;
			children = (
				285C8C31196D85410058C8E2 /* SpeedKitDemoTests.swift */,
				285C8C2F196D85410058C8E2 /* Supporting Files */,
			);
			path = SpeedKitDemoTests;
			sourceTree = "<group>";
		};
		285C8C2F196D85410058C8E2 /* Supporting Files */ = {
			isa = PBXGroup;
			children = (
				285C8C30196D85410058C8E2 /* Info.plist */,
			);
			name = "Supporting Files";
			sourceTree = "<group>";
		};
		286D93F31A0DEF0600C63224 /* SpeedKit */ = {
			isa = PBXGroup;
			children = (
				286D93F41A0DEF0600C63224 /* Horizontal Collection */,
				286D93FD1A0DEF0600C63224 /* Listing Automation */,
			);
			name = SpeedKit;
			path = ../SpeedKit;
			sourceTree = "<group>";
		};
		286D93F41A0DEF0600C63224 /* Horizontal Collection */ = {
			isa = PBXGroup;
			children = (
				286D93F51A0DEF0600C63224 /* Controllers */,
				286D93F91A0DEF0600C63224 /* Model */,
				286D93FA1A0DEF0600C63224 /* ReadMe.txt */,
				286D93FB1A0DEF0600C63224 /* Views */,
			);
			path = "Horizontal Collection";
			sourceTree = "<group>";
		};
		286D93F51A0DEF0600C63224 /* Controllers */ = {
			isa = PBXGroup;
			children = (
				286D93F61A0DEF0600C63224 /* SPHorizontalCollectionMainController.swift */,
				286D93F71A0DEF0600C63224 /* SPHorizontalCollectionVC.swift */,
				286D93F81A0DEF0600C63224 /* SPHorizontalLayout.swift */,
			);
			path = Controllers;
			sourceTree = "<group>";
		};
		286D93F91A0DEF0600C63224 /* Model */ = {
			isa = PBXGroup;
			children = (
			);
			path = Model;
			sourceTree = "<group>";
		};
		286D93FB1A0DEF0600C63224 /* Views */ = {
			isa = PBXGroup;
			children = (
				286D93FC1A0DEF0600C63224 /* SPHorizontalCollection.storyboard */,
			);
			path = Views;
			sourceTree = "<group>";
		};
		286D93FD1A0DEF0600C63224 /* Listing Automation */ = {
			isa = PBXGroup;
			children = (
				286D94001A0DEF0600C63224 /* SPTableViewCellData.swift */,
				286D94011A0DEF0600C63224 /* SPTableViewCellProtocol.swift */,
				286D94021A0DEF0600C63224 /* SPTableViewControllerProtocol.swift */,
				286D94031A0DEF0600C63224 /* SPTableViewHelper.swift */,
				286D94041A0DEF0600C63224 /* TableView */,
				286D93FE1A0DEF0600C63224 /* CollectionView */,
			);
			path = "Listing Automation";
			sourceTree = "<group>";
		};
		286D93FE1A0DEF0600C63224 /* CollectionView */ = {
			isa = PBXGroup;
			children = (
				286D93FF1A0DEF0600C63224 /* UIViewController+SPTableCollectionViewDatasource.swift */,
			);
			path = CollectionView;
			sourceTree = "<group>";
		};
		286D94041A0DEF0600C63224 /* TableView */ = {
			isa = PBXGroup;
			children = (
				286D94051A0DEF0600C63224 /* UIViewController+SPTableViewDatasource.swift */,
			);
			path = TableView;
			sourceTree = "<group>";
		};
/* End PBXGroup section */

/* Begin PBXNativeTarget section */
		285C8C18196D85410058C8E2 /* SpeedKitDemo */ = {
			isa = PBXNativeTarget;
			buildConfigurationList = 285C8C35196D85410058C8E2 /* Build configuration list for PBXNativeTarget "SpeedKitDemo" */;
			buildPhases = (
				285C8C15196D85410058C8E2 /* Sources */,
				285C8C16196D85410058C8E2 /* Frameworks */,
				285C8C17196D85410058C8E2 /* Resources */,
			);
			buildRules = (
			);
			dependencies = (
			);
			name = SpeedKitDemo;
			productName = SpeedKitDemo;
			productReference = 285C8C19196D85410058C8E2 /* SpeedKitDemo.app */;
			productType = "com.apple.product-type.application";
		};
		285C8C2A196D85410058C8E2 /* SpeedKitDemoTests */ = {
			isa = PBXNativeTarget;
			buildConfigurationList = 285C8C38196D85410058C8E2 /* Build configuration list for PBXNativeTarget "SpeedKitDemoTests" */;
			buildPhases = (
				285C8C27196D85410058C8E2 /* Sources */,
				285C8C28196D85410058C8E2 /* Frameworks */,
				285C8C29196D85410058C8E2 /* Resources */,
			);
			buildRules = (
			);
			dependencies = (
				285C8C2D196D85410058C8E2 /* PBXTargetDependency */,
			);
			name = SpeedKitDemoTests;
			productName = SpeedKitDemoTests;
			productReference = 285C8C2B196D85410058C8E2 /* SpeedKitDemoTests.xctest */;
			productType = "com.apple.product-type.bundle.unit-test";
		};
/* End PBXNativeTarget section */

/* Begin PBXProject section */
		285C8C11196D85410058C8E2 /* Project object */ = {
			isa = PBXProject;
			attributes = {
				LastUpgradeCheck = 0600;
				ORGANIZATIONNAME = Happyfall;
				TargetAttributes = {
					285C8C18196D85410058C8E2 = {
						CreatedOnToolsVersion = 6.0;
					};
					285C8C2A196D85410058C8E2 = {
						CreatedOnToolsVersion = 6.0;
						TestTargetID = 285C8C18196D85410058C8E2;
					};
				};
			};
			buildConfigurationList = 285C8C14196D85410058C8E2 /* Build configuration list for PBXProject "SpeedKitDemo" */;
			compatibilityVersion = "Xcode 3.2";
			developmentRegion = English;
			hasScannedForEncodings = 0;
			knownRegions = (
				en,
				Base,
			);
			mainGroup = 285C8C10196D85410058C8E2;
			productRefGroup = 285C8C1A196D85410058C8E2 /* Products */;
			projectDirPath = "";
			projectRoot = "";
			targets = (
				285C8C18196D85410058C8E2 /* SpeedKitDemo */,
				285C8C2A196D85410058C8E2 /* SpeedKitDemoTests */,
			);
		};
/* End PBXProject section */

/* Begin PBXResourcesBuildPhase section */
		285C8C17196D85410058C8E2 /* Resources */ = {
			isa = PBXResourcesBuildPhase;
			buildActionMask = 2147483647;
			files = (
				285C8C24196D85410058C8E2 /* Main.storyboard in Resources */,
				287AC6B11972A4070096BCD3 /* SampleTableViewCell.xib in Resources */,
				282337271A1733F90003F3C4 /* SampleCollectionViewCell.xib in Resources */,
				286D94091A0DEF0600C63224 /* ReadMe.txt in Resources */,
				286D940A1A0DEF0600C63224 /* SPHorizontalCollection.storyboard in Resources */,
				285C8C26196D85410058C8E2 /* Images.xcassets in Resources */,
			);
			runOnlyForDeploymentPostprocessing = 0;
		};
		285C8C29196D85410058C8E2 /* Resources */ = {
			isa = PBXResourcesBuildPhase;
			buildActionMask = 2147483647;
			files = (
			);
			runOnlyForDeploymentPostprocessing = 0;
		};
/* End PBXResourcesBuildPhase section */

/* Begin PBXSourcesBuildPhase section */
		285C8C15196D85410058C8E2 /* Sources */ = {
			isa = PBXSourcesBuildPhase;
			buildActionMask = 2147483647;
			files = (
				285C8C21196D85410058C8E2 /* ViewController.swift in Sources */,
				287AC6B31972A5850096BCD3 /* SampleTableViewCell.swift in Sources */,
				286D940E1A0DEF0600C63224 /* SPTableViewControllerProtocol.swift in Sources */,
				286D940B1A0DEF0600C63224 /* UIViewController+SPTableCollectionViewDatasource.swift in Sources */,
				282337251A1733EF0003F3C4 /* SampleCollectionViewCell.swift in Sources */,
				286D94101A0DEF0600C63224 /* UIViewController+SPTableViewDatasource.swift in Sources */,
				286D94081A0DEF0600C63224 /* SPHorizontalLayout.swift in Sources */,
				286D940C1A0DEF0600C63224 /* SPTableViewCellData.swift in Sources */,
				286D940D1A0DEF0600C63224 /* SPTableViewCellProtocol.swift in Sources */,
				286D940F1A0DEF0600C63224 /* SPTableViewHelper.swift in Sources */,
				285C8C1F196D85410058C8E2 /* AppDelegate.swift in Sources */,
				286D94061A0DEF0600C63224 /* SPHorizontalCollectionMainController.swift in Sources */,
				285CA8411A172AED00E5093E /* CollectionVC.swift in Sources */,
				286D94071A0DEF0600C63224 /* SPHorizontalCollectionVC.swift in Sources */,
			);
			runOnlyForDeploymentPostprocessing = 0;
		};
		285C8C27196D85410058C8E2 /* Sources */ = {
			isa = PBXSourcesBuildPhase;
			buildActionMask = 2147483647;
			files = (
				285C8C32196D85410058C8E2 /* SpeedKitDemoTests.swift in Sources */,
			);
			runOnlyForDeploymentPostprocessing = 0;
		};
/* End PBXSourcesBuildPhase section */

/* Begin PBXTargetDependency section */
		285C8C2D196D85410058C8E2 /* PBXTargetDependency */ = {
			isa = PBXTargetDependency;
			target = 285C8C18196D85410058C8E2 /* SpeedKitDemo */;
			targetProxy = 285C8C2C196D85410058C8E2 /* PBXContainerItemProxy */;
		};
/* End PBXTargetDependency section */

/* Begin PBXVariantGroup section */
		285C8C22196D85410058C8E2 /* Main.storyboard */ = {
			isa = PBXVariantGroup;
			children = (
				285C8C23196D85410058C8E2 /* Base */,
			);
			name = Main.storyboard;
			sourceTree = "<group>";
		};
/* End PBXVariantGroup section */

/* Begin XCBuildConfiguration section */
		285C8C33196D85410058C8E2 /* Debug */ = {
			isa = XCBuildConfiguration;
			buildSettings = {
				ALWAYS_SEARCH_USER_PATHS = NO;
				CLANG_CXX_LANGUAGE_STANDARD = "gnu++0x";
				CLANG_CXX_LIBRARY = "libc++";
				CLANG_ENABLE_MODULES = YES;
				CLANG_ENABLE_OBJC_ARC = YES;
				CLANG_WARN_BOOL_CONVERSION = YES;
				CLANG_WARN_CONSTANT_CONVERSION = YES;
				CLANG_WARN_DIRECT_OBJC_ISA_USAGE = YES_ERROR;
				CLANG_WARN_EMPTY_BODY = YES;
				CLANG_WARN_ENUM_CONVERSION = YES;
				CLANG_WARN_INT_CONVERSION = YES;
				CLANG_WARN_OBJC_ROOT_CLASS = YES_ERROR;
				CLANG_WARN_UNREACHABLE_CODE = YES;
				CLANG_WARN__DUPLICATE_METHOD_MATCH = YES;
				"CODE_SIGN_IDENTITY[sdk=iphoneos*]" = "iPhone Developer";
				COPY_PHASE_STRIP = NO;
				ENABLE_STRICT_OBJC_MSGSEND = YES;
				GCC_C_LANGUAGE_STANDARD = gnu99;
				GCC_DYNAMIC_NO_PIC = NO;
				GCC_OPTIMIZATION_LEVEL = 0;
				GCC_PREPROCESSOR_DEFINITIONS = (
					"DEBUG=1",
					"$(inherited)",
				);
				GCC_SYMBOLS_PRIVATE_EXTERN = NO;
				GCC_WARN_64_TO_32_BIT_CONVERSION = YES;
				GCC_WARN_ABOUT_RETURN_TYPE = YES_ERROR;
				GCC_WARN_UNDECLARED_SELECTOR = YES;
				GCC_WARN_UNINITIALIZED_AUTOS = YES_AGGRESSIVE;
				GCC_WARN_UNUSED_FUNCTION = YES;
				GCC_WARN_UNUSED_VARIABLE = YES;
				IPHONEOS_DEPLOYMENT_TARGET = 8.0;
				METAL_ENABLE_DEBUG_INFO = YES;
				ONLY_ACTIVE_ARCH = YES;
				SDKROOT = iphoneos;
				SWIFT_OPTIMIZATION_LEVEL = "-Onone";
				TARGETED_DEVICE_FAMILY = "1,2";
			};
			name = Debug;
		};
		285C8C34196D85410058C8E2 /* Release */ = {
			isa = XCBuildConfiguration;
			buildSettings = {
				ALWAYS_SEARCH_USER_PATHS = NO;
				CLANG_CXX_LANGUAGE_STANDARD = "gnu++0x";
				CLANG_CXX_LIBRARY = "libc++";
				CLANG_ENABLE_MODULES = YES;
				CLANG_ENABLE_OBJC_ARC = YES;
				CLANG_WARN_BOOL_CONVERSION = YES;
				CLANG_WARN_CONSTANT_CONVERSION = YES;
				CLANG_WARN_DIRECT_OBJC_ISA_USAGE = YES_ERROR;
				CLANG_WARN_EMPTY_BODY = YES;
				CLANG_WARN_ENUM_CONVERSION = YES;
				CLANG_WARN_INT_CONVERSION = YES;
				CLANG_WARN_OBJC_ROOT_CLASS = YES_ERROR;
				CLANG_WARN_UNREACHABLE_CODE = YES;
				CLANG_WARN__DUPLICATE_METHOD_MATCH = YES;
				"CODE_SIGN_IDENTITY[sdk=iphoneos*]" = "iPhone Developer";
				COPY_PHASE_STRIP = YES;
				ENABLE_NS_ASSERTIONS = NO;
				ENABLE_STRICT_OBJC_MSGSEND = YES;
				GCC_C_LANGUAGE_STANDARD = gnu99;
				GCC_WARN_64_TO_32_BIT_CONVERSION = YES;
				GCC_WARN_ABOUT_RETURN_TYPE = YES_ERROR;
				GCC_WARN_UNDECLARED_SELECTOR = YES;
				GCC_WARN_UNINITIALIZED_AUTOS = YES_AGGRESSIVE;
				GCC_WARN_UNUSED_FUNCTION = YES;
				GCC_WARN_UNUSED_VARIABLE = YES;
				IPHONEOS_DEPLOYMENT_TARGET = 8.0;
				METAL_ENABLE_DEBUG_INFO = NO;
				SDKROOT = iphoneos;
				TARGETED_DEVICE_FAMILY = "1,2";
				VALIDATE_PRODUCT = YES;
			};
			name = Release;
		};
		285C8C36196D85410058C8E2 /* Debug */ = {
			isa = XCBuildConfiguration;
			buildSettings = {
				ASSETCATALOG_COMPILER_APPICON_NAME = AppIcon;
				ASSETCATALOG_COMPILER_LAUNCHIMAGE_NAME = LaunchImage;
				INFOPLIST_FILE = SpeedKitDemo/Info.plist;
				LD_RUNPATH_SEARCH_PATHS = "$(inherited) @executable_path/Frameworks";
				PRODUCT_NAME = "$(TARGET_NAME)";
			};
			name = Debug;
		};
		285C8C37196D85410058C8E2 /* Release */ = {
			isa = XCBuildConfiguration;
			buildSettings = {
				ASSETCATALOG_COMPILER_APPICON_NAME = AppIcon;
				ASSETCATALOG_COMPILER_LAUNCHIMAGE_NAME = LaunchImage;
				INFOPLIST_FILE = SpeedKitDemo/Info.plist;
				LD_RUNPATH_SEARCH_PATHS = "$(inherited) @executable_path/Frameworks";
				PRODUCT_NAME = "$(TARGET_NAME)";
			};
			name = Release;
		};
		285C8C39196D85410058C8E2 /* Debug */ = {
			isa = XCBuildConfiguration;
			buildSettings = {
				BUNDLE_LOADER = "$(BUILT_PRODUCTS_DIR)/SpeedKitDemo.app/SpeedKitDemo";
				FRAMEWORK_SEARCH_PATHS = (
					"$(SDKROOT)/Developer/Library/Frameworks",
					"$(inherited)",
				);
				GCC_PREPROCESSOR_DEFINITIONS = (
					"DEBUG=1",
					"$(inherited)",
				);
				INFOPLIST_FILE = SpeedKitDemoTests/Info.plist;
				LD_RUNPATH_SEARCH_PATHS = "$(inherited) @executable_path/Frameworks @loader_path/Frameworks";
				METAL_ENABLE_DEBUG_INFO = YES;
				PRODUCT_NAME = "$(TARGET_NAME)";
				TEST_HOST = "$(BUNDLE_LOADER)";
			};
			name = Debug;
		};
		285C8C3A196D85410058C8E2 /* Release */ = {
			isa = XCBuildConfiguration;
			buildSettings = {
				BUNDLE_LOADER = "$(BUILT_PRODUCTS_DIR)/SpeedKitDemo.app/SpeedKitDemo";
				FRAMEWORK_SEARCH_PATHS = (
					"$(SDKROOT)/Developer/Library/Frameworks",
					"$(inherited)",
				);
				INFOPLIST_FILE = SpeedKitDemoTests/Info.plist;
				LD_RUNPATH_SEARCH_PATHS = "$(inherited) @executable_path/Frameworks @loader_path/Frameworks";
				METAL_ENABLE_DEBUG_INFO = NO;
				PRODUCT_NAME = "$(TARGET_NAME)";
				TEST_HOST = "$(BUNDLE_LOADER)";
			};
			name = Release;
		};
/* End XCBuildConfiguration section */

/* Begin XCConfigurationList section */
		285C8C14196D85410058C8E2 /* Build configuration list for PBXProject "SpeedKitDemo" */ = {
			isa = XCConfigurationList;
			buildConfigurations = (
				285C8C33196D85410058C8E2 /* Debug */,
				285C8C34196D85410058C8E2 /* Release */,
			);
			defaultConfigurationIsVisible = 0;
			defaultConfigurationName = Release;
		};
		285C8C35196D85410058C8E2 /* Build configuration list for PBXNativeTarget "SpeedKitDemo" */ = {
			isa = XCConfigurationList;
			buildConfigurations = (
				285C8C36196D85410058C8E2 /* Debug */,
				285C8C37196D85410058C8E2 /* Release */,
			);
			defaultConfigurationIsVisible = 0;
			defaultConfigurationName = Release;
		};
		285C8C38196D85410058C8E2 /* Build configuration list for PBXNativeTarget "SpeedKitDemoTests" */ = {
			isa = XCConfigurationList;
			buildConfigurations = (
				285C8C39196D85410058C8E2 /* Debug */,
				285C8C3A196D85410058C8E2 /* Release */,
			);
			defaultConfigurationIsVisible = 0;
			defaultConfigurationName = Release;
		};
/* End XCConfigurationList section */
	};
	rootObject = 285C8C11196D85410058C8E2 /* Project object */;
}
